// !$*UTF8*$!
{
	archiveVersion = 1;
	classes = {
	};
	objectVersion = 50;
	objects = {

/* Begin PBXBuildFile section */
		5310ED682403EE1A00EE0707 /* c229_aestab.c in Sources */ = {isa = PBXBuildFile; fileRef = 5310ED342403EE0500EE0707 /* c229_aestab.c */; };
		5310ED692403EE1A00EE0707 /* c229_zip.c in Sources */ = {isa = PBXBuildFile; fileRef = 5310ED352403EE0600EE0707 /* c229_zip.c */; };
		5310ED6A2403EE1A00EE0707 /* c229_hmac.c in Sources */ = {isa = PBXBuildFile; fileRef = 5310ED392403EE0600EE0707 /* c229_hmac.c */; };
		5310ED6E2403EE1A00EE0707 /* c229_unzip.c in Sources */ = {isa = PBXBuildFile; fileRef = 5310ED472403EE0800EE0707 /* c229_unzip.c */; };
		5310ED6F2403EE1A00EE0707 /* c229_prng.c in Sources */ = {isa = PBXBuildFile; fileRef = 5310ED482403EE0800EE0707 /* c229_prng.c */; };
		5310ED702403EE1A00EE0707 /* c229_aescrypt.c in Sources */ = {isa = PBXBuildFile; fileRef = 5310ED4A2403EE0900EE0707 /* c229_aescrypt.c */; };
		5310ED742403EE1A00EE0707 /* c229_ioapi.c in Sources */ = {isa = PBXBuildFile; fileRef = 5310ED502403EE0A00EE0707 /* c229_ioapi.c */; };
		5310ED752403EE1A00EE0707 /* c229_aeskey.c in Sources */ = {isa = PBXBuildFile; fileRef = 5310ED552403EE1300EE0707 /* c229_aeskey.c */; };
		5310ED772403EE1A00EE0707 /* c229_fileenc.c in Sources */ = {isa = PBXBuildFile; fileRef = 5310ED572403EE1300EE0707 /* c229_fileenc.c */; };
		5310ED782403EE1A00EE0707 /* c229_sha1.c in Sources */ = {isa = PBXBuildFile; fileRef = 5310ED5E2403EE1900EE0707 /* c229_sha1.c */; };
		5310ED792403EE1A00EE0707 /* c229_pwd2key.c in Sources */ = {isa = PBXBuildFile; fileRef = 5310ED5F2403EE1900EE0707 /* c229_pwd2key.c */; };
		5310ED7A2403EE1A00EE0707 /* c229_entropy.c in Sources */ = {isa = PBXBuildFile; fileRef = 5310ED602403EE1900EE0707 /* c229_entropy.c */; };
		5310ED7B2403EE1A00EE0707 /* c229_mztools.c in Sources */ = {isa = PBXBuildFile; fileRef = 5310ED622403EE1900EE0707 /* c229_mztools.c */; };
		5310ED7C2403EE1A00EE0707 /* C229CAR_SSZipArchive.m in Sources */ = {isa = PBXBuildFile; fileRef = 5310ED632403EE1900EE0707 /* C229CAR_SSZipArchive.m */; };
		5310ED962403EE4000EE0707 /* NetWorkManager.m in Sources */ = {isa = PBXBuildFile; fileRef = 5310ED842403EE3E00EE0707 /* NetWorkManager.m */; };
		5310ED9A2403EE4000EE0707 /* Info.plist in Resources */ = {isa = PBXBuildFile; fileRef = 5310ED8C2403EE3F00EE0707 /* Info.plist */; };
		5310ED9B2403EE4000EE0707 /* TagBtn.m in Sources */ = {isa = PBXBuildFile; fileRef = 5310ED8D2403EE3F00EE0707 /* TagBtn.m */; };
		5310EDBD2404042E00EE0707 /* C229CAR_MASLayoutConstraint.m in Sources */ = {isa = PBXBuildFile; fileRef = 5310EDA42404042C00EE0707 /* C229CAR_MASLayoutConstraint.m */; };
		5310EDBE2404042E00EE0707 /* C229CAR_MASViewAttribute.m in Sources */ = {isa = PBXBuildFile; fileRef = 5310EDA82404042D00EE0707 /* C229CAR_MASViewAttribute.m */; };
		5310EDBF2404042E00EE0707 /* ViewController+C229CAR_MASAdditions.m in Sources */ = {isa = PBXBuildFile; fileRef = 5310EDAA2404042D00EE0707 /* ViewController+C229CAR_MASAdditions.m */; };
		5310EDC02404042E00EE0707 /* View+C229CAR_MASAdditions.m in Sources */ = {isa = PBXBuildFile; fileRef = 5310EDAB2404042D00EE0707 /* View+C229CAR_MASAdditions.m */; };
		5310EDC12404042E00EE0707 /* NSArray+C229CAR_MASAdditions.m in Sources */ = {isa = PBXBuildFile; fileRef = 5310EDB02404042D00EE0707 /* NSArray+C229CAR_MASAdditions.m */; };
		5310EDC22404042E00EE0707 /* C229CAR_MASViewConstraint.m in Sources */ = {isa = PBXBuildFile; fileRef = 5310EDB32404042D00EE0707 /* C229CAR_MASViewConstraint.m */; };
		5310EDC32404042E00EE0707 /* C229CAR_MASConstraintMaker.m in Sources */ = {isa = PBXBuildFile; fileRef = 5310EDB62404042E00EE0707 /* C229CAR_MASConstraintMaker.m */; };
		5310EDC42404042E00EE0707 /* NSLayoutConstraint+C229CAR_MASDebugAdditions.m in Sources */ = {isa = PBXBuildFile; fileRef = 5310EDB72404042E00EE0707 /* NSLayoutConstraint+C229CAR_MASDebugAdditions.m */; };
		5310EDC52404042E00EE0707 /* C229CAR_MASCompositeConstraint.m in Sources */ = {isa = PBXBuildFile; fileRef = 5310EDBA2404042E00EE0707 /* C229CAR_MASCompositeConstraint.m */; };
		5310EDC62404042E00EE0707 /* C229CAR_MASConstraint.m in Sources */ = {isa = PBXBuildFile; fileRef = 5310EDBB2404042E00EE0707 /* C229CAR_MASConstraint.m */; };
		5310EDEE2404FCDF00EE0707 /* CLPlayerView.m in Sources */ = {isa = PBXBuildFile; fileRef = 5310EDE52404FCDE00EE0707 /* CLPlayerView.m */; };
		5310EDEF2404FCDF00EE0707 /* CLGCDTimerManager.m in Sources */ = {isa = PBXBuildFile; fileRef = 5310EDE62404FCDE00EE0707 /* CLGCDTimerManager.m */; };
		5310EDF02404FCDF00EE0707 /* CLPlayerMaskView.m in Sources */ = {isa = PBXBuildFile; fileRef = 5310EDEA2404FCDE00EE0707 /* CLPlayerMaskView.m */; };
		5310EDF12404FCDF00EE0707 /* CLRotateAnimationView.m in Sources */ = {isa = PBXBuildFile; fileRef = 5310EDEC2404FCDF00EE0707 /* CLRotateAnimationView.m */; };
		5310EDF22404FCDF00EE0707 /* CLSlider.m in Sources */ = {isa = PBXBuildFile; fileRef = 5310EDED2404FCDF00EE0707 /* CLSlider.m */; };
		5310EE69240666E200EE0707 /* UIImageView+AFNetworking.m in Sources */ = {isa = PBXBuildFile; fileRef = 5310EE47240666DF00EE0707 /* UIImageView+AFNetworking.m */; };
		5310EE6A240666E200EE0707 /* C229CAR_AFHTTPSessionManager.m in Sources */ = {isa = PBXBuildFile; fileRef = 5310EE49240666DF00EE0707 /* C229CAR_AFHTTPSessionManager.m */; };
		5310EE6B240666E200EE0707 /* C229CAR_AFNetworkReachabilityManager.m in Sources */ = {isa = PBXBuildFile; fileRef = 5310EE4B240666DF00EE0707 /* C229CAR_AFNetworkReachabilityManager.m */; };
		5310EE6C240666E200EE0707 /* C229CAR_AFURLSessionManager.m in Sources */ = {isa = PBXBuildFile; fileRef = 5310EE4D240666DF00EE0707 /* C229CAR_AFURLSessionManager.m */; };
		5310EE6D240666E200EE0707 /* C229CAR_AFNetworkActivityIndicatorManager.m in Sources */ = {isa = PBXBuildFile; fileRef = 5310EE4E240666E000EE0707 /* C229CAR_AFNetworkActivityIndicatorManager.m */; };
		5310EE6E240666E200EE0707 /* UINavigationController+CLPlayerRotation.m in Sources */ = {isa = PBXBuildFile; fileRef = 5310EE51240666E000EE0707 /* UINavigationController+CLPlayerRotation.m */; };
		5310EE6F240666E200EE0707 /* UIProgressView+C229CAR_AFNetworking.m in Sources */ = {isa = PBXBuildFile; fileRef = 5310EE54240666E000EE0707 /* UIProgressView+C229CAR_AFNetworking.m */; };
		5310EE70240666E200EE0707 /* C229CAR_AFURLRequestSerialization.m in Sources */ = {isa = PBXBuildFile; fileRef = 5310EE57240666E000EE0707 /* C229CAR_AFURLRequestSerialization.m */; };
		5310EE71240666E200EE0707 /* UIActivityIndicatorView+C229CAR_AFNetworking.m in Sources */ = {isa = PBXBuildFile; fileRef = 5310EE58240666E000EE0707 /* UIActivityIndicatorView+C229CAR_AFNetworking.m */; };
		5310EE72240666E200EE0707 /* UIViewController+CLPlayerRotation.m in Sources */ = {isa = PBXBuildFile; fileRef = 5310EE59240666E000EE0707 /* UIViewController+CLPlayerRotation.m */; };
		5310EE73240666E200EE0707 /* UIWebView+C229CAR_AFNetworking.m in Sources */ = {isa = PBXBuildFile; fileRef = 5310EE5A240666E100EE0707 /* UIWebView+C229CAR_AFNetworking.m */; };
		5310EE74240666E200EE0707 /* UIButton+C229CAR_AFNetworking.m in Sources */ = {isa = PBXBuildFile; fileRef = 5310EE5C240666E100EE0707 /* UIButton+C229CAR_AFNetworking.m */; };
		5310EE75240666E200EE0707 /* C229CAR_AFSecurityPolicy.m in Sources */ = {isa = PBXBuildFile; fileRef = 5310EE5D240666E100EE0707 /* C229CAR_AFSecurityPolicy.m */; };
		5310EE76240666E200EE0707 /* UIRefreshControl+C229CAR_AFNetworking.m in Sources */ = {isa = PBXBuildFile; fileRef = 5310EE5E240666E100EE0707 /* UIRefreshControl+C229CAR_AFNetworking.m */; };
		5310EE77240666E200EE0707 /* C229CAR_AFURLResponseSerialization.m in Sources */ = {isa = PBXBuildFile; fileRef = 5310EE61240666E100EE0707 /* C229CAR_AFURLResponseSerialization.m */; };
		5310EE78240666E200EE0707 /* UITabBarController+CLPlayerRotation.m in Sources */ = {isa = PBXBuildFile; fileRef = 5310EE62240666E100EE0707 /* UITabBarController+CLPlayerRotation.m */; };
		5310EE79240666E200EE0707 /* C229CAR_AFAutoPurgingImageCache.m in Sources */ = {isa = PBXBuildFile; fileRef = 5310EE65240666E200EE0707 /* C229CAR_AFAutoPurgingImageCache.m */; };
		5310EE7A240666E200EE0707 /* C229CAR_AFImageDownloader.m in Sources */ = {isa = PBXBuildFile; fileRef = 5310EE67240666E200EE0707 /* C229CAR_AFImageDownloader.m */; };
		53AEC7FB23FE7AE90076BECD /* ForthView.m in Sources */ = {isa = PBXBuildFile; fileRef = 53AEC6CE23FE7AE90076BECD /* ForthView.m */; };
		53AEC88B23FE7AE90076BECD /* ThirdView.m in Sources */ = {isa = PBXBuildFile; fileRef = 53AEC7D923FE7AE90076BECD /* ThirdView.m */; };
		53AEC88E23FE7AE90076BECD /* FifTableViewCell.m in Sources */ = {isa = PBXBuildFile; fileRef = 53AEC7DD23FE7AE90076BECD /* FifTableViewCell.m */; };
		53AEC89023FE7AE90076BECD /* HSC229CarResource.bundle in Resources */ = {isa = PBXBuildFile; fileRef = 53AEC7E023FE7AE90076BECD /* HSC229CarResource.bundle */; };
		53AEC89123FE7AE90076BECD /* FifthView.m in Sources */ = {isa = PBXBuildFile; fileRef = 53AEC7E223FE7AE90076BECD /* FifthView.m */; };
		53AEC89223FE7AE90076BECD /* DetailViewController.m in Sources */ = {isa = PBXBuildFile; fileRef = 53AEC7E323FE7AE90076BECD /* DetailViewController.m */; };
		53AEC89323FE7AE90076BECD /* SecondTableViewCell.m in Sources */ = {isa = PBXBuildFile; fileRef = 53AEC7E423FE7AE90076BECD /* SecondTableViewCell.m */; };
		53AEC89423FE7AE90076BECD /* ForthCollectionViewCell.m in Sources */ = {isa = PBXBuildFile; fileRef = 53AEC7E623FE7AE90076BECD /* ForthCollectionViewCell.m */; };
		53AEC89523FE7AE90076BECD /* SecondView.m in Sources */ = {isa = PBXBuildFile; fileRef = 53AEC7E723FE7AE90076BECD /* SecondView.m */; };
		53AEC89623FE7AE90076BECD /* ShanShuoView.m in Sources */ = {isa = PBXBuildFile; fileRef = 53AEC7E823FE7AE90076BECD /* ShanShuoView.m */; };
		53AEC89823FE7AE90076BECD /* AppManager.m in Sources */ = {isa = PBXBuildFile; fileRef = 53AEC7EB23FE7AE90076BECD /* AppManager.m */; };
		53AEC89923FE7AE90076BECD /* HQ229MainViewController.m in Sources */ = {isa = PBXBuildFile; fileRef = 53AEC7EE23FE7AE90076BECD /* HQ229MainViewController.m */; };
		53AEC89A23FE7AE90076BECD /* TopTabView.m in Sources */ = {isa = PBXBuildFile; fileRef = 53AEC7F123FE7AE90076BECD /* TopTabView.m */; };
		53AEC89C23FE7AE90076BECD /* FirstView.m in Sources */ = {isa = PBXBuildFile; fileRef = 53AEC7F523FE7AE90076BECD /* FirstView.m */; };
		53AEC89D23FE7AE90076BECD /* ElectronicManualViewController.m in Sources */ = {isa = PBXBuildFile; fileRef = 53AEC7F823FE7AE90076BECD /* ElectronicManualViewController.m */; };
		53B6021820FF3DDF000DAC14 /* Assets.xcassets in Resources */ = {isa = PBXBuildFile; fileRef = 53B601B920FF3DDE000DAC14 /* Assets.xcassets */; };
		53B6021920FF3DDF000DAC14 /* ViewController.m in Sources */ = {isa = PBXBuildFile; fileRef = 53B601BA20FF3DDE000DAC14 /* ViewController.m */; };
		53B6021B20FF3DDF000DAC14 /* Main.storyboard in Resources */ = {isa = PBXBuildFile; fileRef = 53B601BD20FF3DDE000DAC14 /* Main.storyboard */; };
		53B6021C20FF3DDF000DAC14 /* main.m in Sources */ = {isa = PBXBuildFile; fileRef = 53B601BF20FF3DDE000DAC14 /* main.m */; };
		53B6024220FF3DDF000DAC14 /* AppDelegate.m in Sources */ = {isa = PBXBuildFile; fileRef = 53B6021520FF3DDE000DAC14 /* AppDelegate.m */; };
		53B6024921002819000DAC14 /* Default-667h@2x.png in Resources */ = {isa = PBXBuildFile; fileRef = 53B6024421002818000DAC14 /* Default-667h@2x.png */; };
		53B6024A21002819000DAC14 /* bg_splash_2436*1125.png in Resources */ = {isa = PBXBuildFile; fileRef = 53B6024521002818000DAC14 /* bg_splash_2436*1125.png */; };
		53B6024B21002819000DAC14 /* Default-Landscape-736h@3x.png in Resources */ = {isa = PBXBuildFile; fileRef = 53B6024621002818000DAC14 /* Default-Landscape-736h@3x.png */; };
		53B6024C21002819000DAC14 /* Default-568h.png in Resources */ = {isa = PBXBuildFile; fileRef = 53B6024721002819000DAC14 /* Default-568h.png */; };
		53B6024D21002819000DAC14 /*  Default@2x.png in Resources */ = {isa = PBXBuildFile; fileRef = 53B6024821002819000DAC14 /*  Default@2x.png */; };
		53B6024E210028DE000DAC14 /* LaunchScreen.storyboard in Resources */ = {isa = PBXBuildFile; fileRef = 53B601BB20FF3DDE000DAC14 /* LaunchScreen.storyboard */; };
		743ADEFE244041CF0081AFEA /* C229NetWorkFailViewController.m in Sources */ = {isa = PBXBuildFile; fileRef = 743ADEFD244041CF0081AFEA /* C229NetWorkFailViewController.m */; };
		744F65E124347A78007E7C11 /* C229SectionHeader.m in Sources */ = {isa = PBXBuildFile; fileRef = 744F65E024347A78007E7C11 /* C229SectionHeader.m */; };
		748EDCF82457F854002AF29A /* C229ChooseModelViewController.m in Sources */ = {isa = PBXBuildFile; fileRef = 748EDCF72457F854002AF29A /* C229ChooseModelViewController.m */; };
		74927CB524FC98D500A989C1 /* DownLoadViewViewController.m in Sources */ = {isa = PBXBuildFile; fileRef = 74927CB424FC98D500A989C1 /* DownLoadViewViewController.m */; };
		74951EB62499AF7200608B54 /* MXCollectionViewLayout.m in Sources */ = {isa = PBXBuildFile; fileRef = 74951EB42499AF7200608B54 /* MXCollectionViewLayout.m */; };
		74951EB92499AF9100608B54 /* MXCollectionView.m in Sources */ = {isa = PBXBuildFile; fileRef = 74951EB82499AF9100608B54 /* MXCollectionView.m */; };
		74951EBC2499AFB900608B54 /* MXCollectionReusableView.m in Sources */ = {isa = PBXBuildFile; fileRef = 74951EBA2499AFB900608B54 /* MXCollectionReusableView.m */; };
		74951EBF2499E3B800608B54 /* MXCollectionViewCell.m in Sources */ = {isa = PBXBuildFile; fileRef = 74951EBD2499E3B800608B54 /* MXCollectionViewCell.m */; };
		74CFC79324C895E900D45D05 /* c229_YYImageCache.m in Sources */ = {isa = PBXBuildFile; fileRef = 74CFC78D24C895E900D45D05 /* c229_YYImageCache.m */; };
		74CFC79424C895E900D45D05 /* c229_YYWebImageManager.m in Sources */ = {isa = PBXBuildFile; fileRef = 74CFC79124C895E900D45D05 /* c229_YYWebImageManager.m */; };
		74CFC79524C895E900D45D05 /* c229_YYWebImageOperation.m in Sources */ = {isa = PBXBuildFile; fileRef = 74CFC79224C895E900D45D05 /* c229_YYWebImageOperation.m */; };
		74CFC7A024C895F100D45D05 /* c229_YYFrameImage.m in Sources */ = {isa = PBXBuildFile; fileRef = 74CFC79624C895F000D45D05 /* c229_YYFrameImage.m */; };
		74CFC7A124C895F100D45D05 /* c229_YYAnimatedImageView.m in Sources */ = {isa = PBXBuildFile; fileRef = 74CFC79824C895F000D45D05 /* c229_YYAnimatedImageView.m */; };
		74CFC7A224C895F100D45D05 /* c229_YYImageCoder.m in Sources */ = {isa = PBXBuildFile; fileRef = 74CFC79924C895F000D45D05 /* c229_YYImageCoder.m */; };
		74CFC7A324C895F100D45D05 /* c229_YYSpriteSheetImage.m in Sources */ = {isa = PBXBuildFile; fileRef = 74CFC79A24C895F100D45D05 /* c229_YYSpriteSheetImage.m */; };
		74CFC7A424C895F100D45D05 /* c229_YYImage.m in Sources */ = {isa = PBXBuildFile; fileRef = 74CFC79E24C895F100D45D05 /* c229_YYImage.m */; };
		74CFC7AD24C895F800D45D05 /* c229_YYMemoryCache.m in Sources */ = {isa = PBXBuildFile; fileRef = 74CFC7A524C895F800D45D05 /* c229_YYMemoryCache.m */; };
		74CFC7AE24C895F800D45D05 /* c229_YYCache.m in Sources */ = {isa = PBXBuildFile; fileRef = 74CFC7A924C895F800D45D05 /* c229_YYCache.m */; };
		74CFC7AF24C895F800D45D05 /* c229_YYKVStorage.m in Sources */ = {isa = PBXBuildFile; fileRef = 74CFC7AA24C895F800D45D05 /* c229_YYKVStorage.m */; };
		74CFC7B024C895F800D45D05 /* c229_YYDiskCache.m in Sources */ = {isa = PBXBuildFile; fileRef = 74CFC7AB24C895F800D45D05 /* c229_YYDiskCache.m */; };
		74CFC7BD24C8966C00D45D05 /* UIButton+c229YYWebImage.m in Sources */ = {isa = PBXBuildFile; fileRef = 74CFC7B224C8966B00D45D05 /* UIButton+c229YYWebImage.m */; };
		74CFC7BE24C8966C00D45D05 /* MKAnnotationView+c229YYWebImage.m in Sources */ = {isa = PBXBuildFile; fileRef = 74CFC7B424C8966C00D45D05 /* MKAnnotationView+c229YYWebImage.m */; };
		74CFC7BF24C8966C00D45D05 /* CALayer+c229YYWebImage.m in Sources */ = {isa = PBXBuildFile; fileRef = 74CFC7B524C8966C00D45D05 /* CALayer+c229YYWebImage.m */; };
		74CFC7C024C8966C00D45D05 /* UIImage+c229YYWebImage.m in Sources */ = {isa = PBXBuildFile; fileRef = 74CFC7B724C8966C00D45D05 /* UIImage+c229YYWebImage.m */; };
		74CFC7C124C8966C00D45D05 /* _c229YYWebImageSetter.m in Sources */ = {isa = PBXBuildFile; fileRef = 74CFC7BA24C8966C00D45D05 /* _c229YYWebImageSetter.m */; };
		74CFC7C224C8966C00D45D05 /* UIImageView+c229YYWebImage.m in Sources */ = {isa = PBXBuildFile; fileRef = 74CFC7BC24C8966C00D45D05 /* UIImageView+c229YYWebImage.m */; };
		74DFFE6724527C3A003D5641 /* CoreFoundation.framework in Frameworks */ = {isa = PBXBuildFile; fileRef = 74DFFE65245279C0003D5641 /* CoreFoundation.framework */; };
/* End PBXBuildFile section */

/* Begin PBXFileReference section */
		4B92A7C420F5AB89005B6EEE /* HongQiC229.app */ = {isa = PBXFileReference; explicitFileType = wrapper.application; includeInIndex = 0; path = HongQiC229.app; sourceTree = BUILT_PRODUCTS_DIR; };
		5310ED342403EE0500EE0707 /* c229_aestab.c */ = {isa = PBXFileReference; fileEncoding = 4; lastKnownFileType = sourcecode.c.c; path = c229_aestab.c; sourceTree = "<group>"; };
		5310ED352403EE0600EE0707 /* c229_zip.c */ = {isa = PBXFileReference; fileEncoding = 4; lastKnownFileType = sourcecode.c.c; path = c229_zip.c; sourceTree = "<group>"; };
		5310ED382403EE0600EE0707 /* c229_Common.h */ = {isa = PBXFileReference; fileEncoding = 4; lastKnownFileType = sourcecode.c.h; path = c229_Common.h; sourceTree = "<group>"; };
		5310ED392403EE0600EE0707 /* c229_hmac.c */ = {isa = PBXFileReference; fileEncoding = 4; lastKnownFileType = sourcecode.c.c; path = c229_hmac.c; sourceTree = "<group>"; };
		5310ED3A2403EE0600EE0707 /* c229_aes.h */ = {isa = PBXFileReference; fileEncoding = 4; lastKnownFileType = sourcecode.c.h; path = c229_aes.h; sourceTree = "<group>"; };
		5310ED3B2403EE0600EE0707 /* c229_pwd2key.h */ = {isa = PBXFileReference; fileEncoding = 4; lastKnownFileType = sourcecode.c.h; path = c229_pwd2key.h; sourceTree = "<group>"; };
		5310ED3D2403EE0700EE0707 /* c229_unzip.h */ = {isa = PBXFileReference; fileEncoding = 4; lastKnownFileType = sourcecode.c.h; path = c229_unzip.h; sourceTree = "<group>"; };
		5310ED442403EE0800EE0707 /* c229_aes_via_ace.h */ = {isa = PBXFileReference; fileEncoding = 4; lastKnownFileType = sourcecode.c.h; path = c229_aes_via_ace.h; sourceTree = "<group>"; };
		5310ED472403EE0800EE0707 /* c229_unzip.c */ = {isa = PBXFileReference; fileEncoding = 4; lastKnownFileType = sourcecode.c.c; path = c229_unzip.c; sourceTree = "<group>"; };
		5310ED482403EE0800EE0707 /* c229_prng.c */ = {isa = PBXFileReference; fileEncoding = 4; lastKnownFileType = sourcecode.c.c; path = c229_prng.c; sourceTree = "<group>"; };
		5310ED492403EE0800EE0707 /* c229_aestab.h */ = {isa = PBXFileReference; fileEncoding = 4; lastKnownFileType = sourcecode.c.h; path = c229_aestab.h; sourceTree = "<group>"; };
		5310ED4A2403EE0900EE0707 /* c229_aescrypt.c */ = {isa = PBXFileReference; fileEncoding = 4; lastKnownFileType = sourcecode.c.c; path = c229_aescrypt.c; sourceTree = "<group>"; };
		5310ED4C2403EE0900EE0707 /* c229_prng.h */ = {isa = PBXFileReference; fileEncoding = 4; lastKnownFileType = sourcecode.c.h; path = c229_prng.h; sourceTree = "<group>"; };
		5310ED4E2403EE0900EE0707 /* c229_brg_endian.h */ = {isa = PBXFileReference; fileEncoding = 4; lastKnownFileType = sourcecode.c.h; path = c229_brg_endian.h; sourceTree = "<group>"; };
		5310ED502403EE0A00EE0707 /* c229_ioapi.c */ = {isa = PBXFileReference; fileEncoding = 4; lastKnownFileType = sourcecode.c.c; path = c229_ioapi.c; sourceTree = "<group>"; };
		5310ED512403EE1200EE0707 /* c229_entropy.h */ = {isa = PBXFileReference; fileEncoding = 4; lastKnownFileType = sourcecode.c.h; path = c229_entropy.h; sourceTree = "<group>"; };
		5310ED522403EE1200EE0707 /* c229_hmac.h */ = {isa = PBXFileReference; fileEncoding = 4; lastKnownFileType = sourcecode.c.h; path = c229_hmac.h; sourceTree = "<group>"; };
		5310ED542403EE1200EE0707 /* c229_mztools.h */ = {isa = PBXFileReference; fileEncoding = 4; lastKnownFileType = sourcecode.c.h; path = c229_mztools.h; sourceTree = "<group>"; };
		5310ED552403EE1300EE0707 /* c229_aeskey.c */ = {isa = PBXFileReference; fileEncoding = 4; lastKnownFileType = sourcecode.c.c; path = c229_aeskey.c; sourceTree = "<group>"; };
		5310ED572403EE1300EE0707 /* c229_fileenc.c */ = {isa = PBXFileReference; fileEncoding = 4; lastKnownFileType = sourcecode.c.c; path = c229_fileenc.c; sourceTree = "<group>"; };
		5310ED582403EE1300EE0707 /* c229_fileenc.h */ = {isa = PBXFileReference; fileEncoding = 4; lastKnownFileType = sourcecode.c.h; path = c229_fileenc.h; sourceTree = "<group>"; };
		5310ED592403EE1300EE0707 /* c229_aesopt.h */ = {isa = PBXFileReference; fileEncoding = 4; lastKnownFileType = sourcecode.c.h; path = c229_aesopt.h; sourceTree = "<group>"; };
		5310ED5A2403EE1300EE0707 /* c229_sha1.h */ = {isa = PBXFileReference; fileEncoding = 4; lastKnownFileType = sourcecode.c.h; path = c229_sha1.h; sourceTree = "<group>"; };
		5310ED5B2403EE1300EE0707 /* c229_crypt.h */ = {isa = PBXFileReference; fileEncoding = 4; lastKnownFileType = sourcecode.c.h; path = c229_crypt.h; sourceTree = "<group>"; };
		5310ED5C2403EE1300EE0707 /* C229CAR_SSZipArchive.h */ = {isa = PBXFileReference; fileEncoding = 4; lastKnownFileType = sourcecode.c.h; path = C229CAR_SSZipArchive.h; sourceTree = "<group>"; };
		5310ED5D2403EE1400EE0707 /* c229_ioapi.h */ = {isa = PBXFileReference; fileEncoding = 4; lastKnownFileType = sourcecode.c.h; path = c229_ioapi.h; sourceTree = "<group>"; };
		5310ED5E2403EE1900EE0707 /* c229_sha1.c */ = {isa = PBXFileReference; fileEncoding = 4; lastKnownFileType = sourcecode.c.c; path = c229_sha1.c; sourceTree = "<group>"; };
		5310ED5F2403EE1900EE0707 /* c229_pwd2key.c */ = {isa = PBXFileReference; fileEncoding = 4; lastKnownFileType = sourcecode.c.c; path = c229_pwd2key.c; sourceTree = "<group>"; };
		5310ED602403EE1900EE0707 /* c229_entropy.c */ = {isa = PBXFileReference; fileEncoding = 4; lastKnownFileType = sourcecode.c.c; path = c229_entropy.c; sourceTree = "<group>"; };
		5310ED622403EE1900EE0707 /* c229_mztools.c */ = {isa = PBXFileReference; fileEncoding = 4; lastKnownFileType = sourcecode.c.c; path = c229_mztools.c; sourceTree = "<group>"; };
		5310ED632403EE1900EE0707 /* C229CAR_SSZipArchive.m */ = {isa = PBXFileReference; fileEncoding = 4; lastKnownFileType = sourcecode.c.objc; path = C229CAR_SSZipArchive.m; sourceTree = "<group>"; };
		5310ED662403EE1A00EE0707 /* c229_brg_types.h */ = {isa = PBXFileReference; fileEncoding = 4; lastKnownFileType = sourcecode.c.h; path = c229_brg_types.h; sourceTree = "<group>"; };
		5310ED672403EE1A00EE0707 /* c229_zip.h */ = {isa = PBXFileReference; fileEncoding = 4; lastKnownFileType = sourcecode.c.h; path = c229_zip.h; sourceTree = "<group>"; };
		5310ED802403EE3D00EE0707 /* TagBtn.h */ = {isa = PBXFileReference; fileEncoding = 4; lastKnownFileType = sourcecode.c.h; path = TagBtn.h; sourceTree = "<group>"; };
		5310ED822403EE3E00EE0707 /* NetWorkManager.h */ = {isa = PBXFileReference; fileEncoding = 4; lastKnownFileType = sourcecode.c.h; path = NetWorkManager.h; sourceTree = "<group>"; };
		5310ED842403EE3E00EE0707 /* NetWorkManager.m */ = {isa = PBXFileReference; fileEncoding = 4; lastKnownFileType = sourcecode.c.objc; path = NetWorkManager.m; sourceTree = "<group>"; };
		5310ED8C2403EE3F00EE0707 /* Info.plist */ = {isa = PBXFileReference; fileEncoding = 4; lastKnownFileType = text.plist.xml; path = Info.plist; sourceTree = "<group>"; };
		5310ED8D2403EE3F00EE0707 /* TagBtn.m */ = {isa = PBXFileReference; fileEncoding = 4; lastKnownFileType = sourcecode.c.objc; path = TagBtn.m; sourceTree = "<group>"; };
		5310ED932403EE3F00EE0707 /* C229ZipArchive.h */ = {isa = PBXFileReference; fileEncoding = 4; lastKnownFileType = sourcecode.c.h; path = C229ZipArchive.h; sourceTree = "<group>"; };
		5310EDA42404042C00EE0707 /* C229CAR_MASLayoutConstraint.m */ = {isa = PBXFileReference; fileEncoding = 4; lastKnownFileType = sourcecode.c.objc; path = C229CAR_MASLayoutConstraint.m; sourceTree = "<group>"; };
		5310EDA52404042C00EE0707 /* ViewController+C229CAR_MASAdditions.h */ = {isa = PBXFileReference; fileEncoding = 4; lastKnownFileType = sourcecode.c.h; path = "ViewController+C229CAR_MASAdditions.h"; sourceTree = "<group>"; };
		5310EDA62404042D00EE0707 /* C229CAR_MASUtilities.h */ = {isa = PBXFileReference; fileEncoding = 4; lastKnownFileType = sourcecode.c.h; path = C229CAR_MASUtilities.h; sourceTree = "<group>"; };
		5310EDA72404042D00EE0707 /* C229CAR_MASViewConstraint.h */ = {isa = PBXFileReference; fileEncoding = 4; lastKnownFileType = sourcecode.c.h; path = C229CAR_MASViewConstraint.h; sourceTree = "<group>"; };
		5310EDA82404042D00EE0707 /* C229CAR_MASViewAttribute.m */ = {isa = PBXFileReference; fileEncoding = 4; lastKnownFileType = sourcecode.c.objc; path = C229CAR_MASViewAttribute.m; sourceTree = "<group>"; };
		5310EDA92404042D00EE0707 /* NSArray+C229CAR_MASAdditions.h */ = {isa = PBXFileReference; fileEncoding = 4; lastKnownFileType = sourcecode.c.h; path = "NSArray+C229CAR_MASAdditions.h"; sourceTree = "<group>"; };
		5310EDAA2404042D00EE0707 /* ViewController+C229CAR_MASAdditions.m */ = {isa = PBXFileReference; fileEncoding = 4; lastKnownFileType = sourcecode.c.objc; path = "ViewController+C229CAR_MASAdditions.m"; sourceTree = "<group>"; };
		5310EDAB2404042D00EE0707 /* View+C229CAR_MASAdditions.m */ = {isa = PBXFileReference; fileEncoding = 4; lastKnownFileType = sourcecode.c.objc; path = "View+C229CAR_MASAdditions.m"; sourceTree = "<group>"; };
		5310EDAC2404042D00EE0707 /* View+C229CAR_MASAdditions.h */ = {isa = PBXFileReference; fileEncoding = 4; lastKnownFileType = sourcecode.c.h; path = "View+C229CAR_MASAdditions.h"; sourceTree = "<group>"; };
		5310EDAD2404042D00EE0707 /* C229CAR_MASViewAttribute.h */ = {isa = PBXFileReference; fileEncoding = 4; lastKnownFileType = sourcecode.c.h; path = C229CAR_MASViewAttribute.h; sourceTree = "<group>"; };
		5310EDAE2404042D00EE0707 /* C229CAR_Masonry.h */ = {isa = PBXFileReference; fileEncoding = 4; lastKnownFileType = sourcecode.c.h; path = C229CAR_Masonry.h; sourceTree = "<group>"; };
		5310EDAF2404042D00EE0707 /* C229CAR_MASCompositeConstraint.h */ = {isa = PBXFileReference; fileEncoding = 4; lastKnownFileType = sourcecode.c.h; path = C229CAR_MASCompositeConstraint.h; sourceTree = "<group>"; };
		5310EDB02404042D00EE0707 /* NSArray+C229CAR_MASAdditions.m */ = {isa = PBXFileReference; fileEncoding = 4; lastKnownFileType = sourcecode.c.objc; path = "NSArray+C229CAR_MASAdditions.m"; sourceTree = "<group>"; };
		5310EDB12404042D00EE0707 /* NSArray+C229CAR_MASShorthandAdditions.h */ = {isa = PBXFileReference; fileEncoding = 4; lastKnownFileType = sourcecode.c.h; path = "NSArray+C229CAR_MASShorthandAdditions.h"; sourceTree = "<group>"; };
		5310EDB22404042D00EE0707 /* C229CAR_MASConstraint.h */ = {isa = PBXFileReference; fileEncoding = 4; lastKnownFileType = sourcecode.c.h; path = C229CAR_MASConstraint.h; sourceTree = "<group>"; };
		5310EDB32404042D00EE0707 /* C229CAR_MASViewConstraint.m */ = {isa = PBXFileReference; fileEncoding = 4; lastKnownFileType = sourcecode.c.objc; path = C229CAR_MASViewConstraint.m; sourceTree = "<group>"; };
		5310EDB42404042E00EE0707 /* C229CAR_MASLayoutConstraint.h */ = {isa = PBXFileReference; fileEncoding = 4; lastKnownFileType = sourcecode.c.h; path = C229CAR_MASLayoutConstraint.h; sourceTree = "<group>"; };
		5310EDB52404042E00EE0707 /* C229CAR_MASConstraintMaker.h */ = {isa = PBXFileReference; fileEncoding = 4; lastKnownFileType = sourcecode.c.h; path = C229CAR_MASConstraintMaker.h; sourceTree = "<group>"; };
		5310EDB62404042E00EE0707 /* C229CAR_MASConstraintMaker.m */ = {isa = PBXFileReference; fileEncoding = 4; lastKnownFileType = sourcecode.c.objc; path = C229CAR_MASConstraintMaker.m; sourceTree = "<group>"; };
		5310EDB72404042E00EE0707 /* NSLayoutConstraint+C229CAR_MASDebugAdditions.m */ = {isa = PBXFileReference; fileEncoding = 4; lastKnownFileType = sourcecode.c.objc; path = "NSLayoutConstraint+C229CAR_MASDebugAdditions.m"; sourceTree = "<group>"; };
		5310EDB82404042E00EE0707 /* View+C229CAR_MASShorthandAdditions.h */ = {isa = PBXFileReference; fileEncoding = 4; lastKnownFileType = sourcecode.c.h; path = "View+C229CAR_MASShorthandAdditions.h"; sourceTree = "<group>"; };
		5310EDB92404042E00EE0707 /* C229CAR_MASConstraint+Private.h */ = {isa = PBXFileReference; fileEncoding = 4; lastKnownFileType = sourcecode.c.h; path = "C229CAR_MASConstraint+Private.h"; sourceTree = "<group>"; };
		5310EDBA2404042E00EE0707 /* C229CAR_MASCompositeConstraint.m */ = {isa = PBXFileReference; fileEncoding = 4; lastKnownFileType = sourcecode.c.objc; path = C229CAR_MASCompositeConstraint.m; sourceTree = "<group>"; };
		5310EDBB2404042E00EE0707 /* C229CAR_MASConstraint.m */ = {isa = PBXFileReference; fileEncoding = 4; lastKnownFileType = sourcecode.c.objc; path = C229CAR_MASConstraint.m; sourceTree = "<group>"; };
		5310EDBC2404042E00EE0707 /* NSLayoutConstraint+C229CAR_MASDebugAdditions.h */ = {isa = PBXFileReference; fileEncoding = 4; lastKnownFileType = sourcecode.c.h; path = "NSLayoutConstraint+C229CAR_MASDebugAdditions.h"; sourceTree = "<group>"; };
		5310EDE42404FCDE00EE0707 /* CLPlayerView.h */ = {isa = PBXFileReference; fileEncoding = 4; lastKnownFileType = sourcecode.c.h; path = CLPlayerView.h; sourceTree = "<group>"; };
		5310EDE52404FCDE00EE0707 /* CLPlayerView.m */ = {isa = PBXFileReference; fileEncoding = 4; lastKnownFileType = sourcecode.c.objc; path = CLPlayerView.m; sourceTree = "<group>"; };
		5310EDE62404FCDE00EE0707 /* CLGCDTimerManager.m */ = {isa = PBXFileReference; fileEncoding = 4; lastKnownFileType = sourcecode.c.objc; path = CLGCDTimerManager.m; sourceTree = "<group>"; };
		5310EDE72404FCDE00EE0707 /* CLGCDTimerManager.h */ = {isa = PBXFileReference; fileEncoding = 4; lastKnownFileType = sourcecode.c.h; path = CLGCDTimerManager.h; sourceTree = "<group>"; };
		5310EDE82404FCDE00EE0707 /* CLRotateAnimationView.h */ = {isa = PBXFileReference; fileEncoding = 4; lastKnownFileType = sourcecode.c.h; path = CLRotateAnimationView.h; sourceTree = "<group>"; };
		5310EDE92404FCDE00EE0707 /* CLPlayerMaskView.h */ = {isa = PBXFileReference; fileEncoding = 4; lastKnownFileType = sourcecode.c.h; path = CLPlayerMaskView.h; sourceTree = "<group>"; };
		5310EDEA2404FCDE00EE0707 /* CLPlayerMaskView.m */ = {isa = PBXFileReference; fileEncoding = 4; lastKnownFileType = sourcecode.c.objc; path = CLPlayerMaskView.m; sourceTree = "<group>"; };
		5310EDEB2404FCDF00EE0707 /* CLSlider.h */ = {isa = PBXFileReference; fileEncoding = 4; lastKnownFileType = sourcecode.c.h; path = CLSlider.h; sourceTree = "<group>"; };
		5310EDEC2404FCDF00EE0707 /* CLRotateAnimationView.m */ = {isa = PBXFileReference; fileEncoding = 4; lastKnownFileType = sourcecode.c.objc; path = CLRotateAnimationView.m; sourceTree = "<group>"; };
		5310EDED2404FCDF00EE0707 /* CLSlider.m */ = {isa = PBXFileReference; fileEncoding = 4; lastKnownFileType = sourcecode.c.objc; path = CLSlider.m; sourceTree = "<group>"; };
		5310EE42240666DF00EE0707 /* UITabBarController+CLPlayerRotation.h */ = {isa = PBXFileReference; fileEncoding = 4; lastKnownFileType = sourcecode.c.h; path = "UITabBarController+CLPlayerRotation.h"; sourceTree = "<group>"; };
		5310EE43240666DF00EE0707 /* UIButton+C229CAR_AFNetworking.h */ = {isa = PBXFileReference; fileEncoding = 4; lastKnownFileType = sourcecode.c.h; path = "UIButton+C229CAR_AFNetworking.h"; sourceTree = "<group>"; };
		5310EE44240666DF00EE0707 /* UIWebView+C229CAR_AFNetworking.h */ = {isa = PBXFileReference; fileEncoding = 4; lastKnownFileType = sourcecode.c.h; path = "UIWebView+C229CAR_AFNetworking.h"; sourceTree = "<group>"; };
		5310EE45240666DF00EE0707 /* C229CAR_AFNetworkActivityIndicatorManager.h */ = {isa = PBXFileReference; fileEncoding = 4; lastKnownFileType = sourcecode.c.h; path = C229CAR_AFNetworkActivityIndicatorManager.h; sourceTree = "<group>"; };
		5310EE46240666DF00EE0707 /* C229CAR_AFNetworkReachabilityManager.h */ = {isa = PBXFileReference; fileEncoding = 4; lastKnownFileType = sourcecode.c.h; path = C229CAR_AFNetworkReachabilityManager.h; sourceTree = "<group>"; };
		5310EE47240666DF00EE0707 /* UIImageView+AFNetworking.m */ = {isa = PBXFileReference; fileEncoding = 4; lastKnownFileType = sourcecode.c.objc; path = "UIImageView+AFNetworking.m"; sourceTree = "<group>"; };
		5310EE48240666DF00EE0707 /* UIImageView+C229CAR_AFNetworking.h */ = {isa = PBXFileReference; fileEncoding = 4; lastKnownFileType = sourcecode.c.h; path = "UIImageView+C229CAR_AFNetworking.h"; sourceTree = "<group>"; };
		5310EE49240666DF00EE0707 /* C229CAR_AFHTTPSessionManager.m */ = {isa = PBXFileReference; fileEncoding = 4; lastKnownFileType = sourcecode.c.objc; path = C229CAR_AFHTTPSessionManager.m; sourceTree = "<group>"; };
		5310EE4A240666DF00EE0707 /* C229CAR_AFHTTPSessionManager.h */ = {isa = PBXFileReference; fileEncoding = 4; lastKnownFileType = sourcecode.c.h; path = C229CAR_AFHTTPSessionManager.h; sourceTree = "<group>"; };
		5310EE4B240666DF00EE0707 /* C229CAR_AFNetworkReachabilityManager.m */ = {isa = PBXFileReference; fileEncoding = 4; lastKnownFileType = sourcecode.c.objc; path = C229CAR_AFNetworkReachabilityManager.m; sourceTree = "<group>"; };
		5310EE4C240666DF00EE0707 /* UINavigationController+CLPlayerRotation.h */ = {isa = PBXFileReference; fileEncoding = 4; lastKnownFileType = sourcecode.c.h; path = "UINavigationController+CLPlayerRotation.h"; sourceTree = "<group>"; };
		5310EE4D240666DF00EE0707 /* C229CAR_AFURLSessionManager.m */ = {isa = PBXFileReference; fileEncoding = 4; lastKnownFileType = sourcecode.c.objc; path = C229CAR_AFURLSessionManager.m; sourceTree = "<group>"; };
		5310EE4E240666E000EE0707 /* C229CAR_AFNetworkActivityIndicatorManager.m */ = {isa = PBXFileReference; fileEncoding = 4; lastKnownFileType = sourcecode.c.objc; path = C229CAR_AFNetworkActivityIndicatorManager.m; sourceTree = "<group>"; };
		5310EE4F240666E000EE0707 /* UIKit+C229CAR_AFNetworking.h */ = {isa = PBXFileReference; fileEncoding = 4; lastKnownFileType = sourcecode.c.h; path = "UIKit+C229CAR_AFNetworking.h"; sourceTree = "<group>"; };
		5310EE50240666E000EE0707 /* C229CAR_AFURLRequestSerialization.h */ = {isa = PBXFileReference; fileEncoding = 4; lastKnownFileType = sourcecode.c.h; path = C229CAR_AFURLRequestSerialization.h; sourceTree = "<group>"; };
		5310EE51240666E000EE0707 /* UINavigationController+CLPlayerRotation.m */ = {isa = PBXFileReference; fileEncoding = 4; lastKnownFileType = sourcecode.c.objc; path = "UINavigationController+CLPlayerRotation.m"; sourceTree = "<group>"; };
		5310EE52240666E000EE0707 /* UIProgressView+C229CAR_AFNetworking.h */ = {isa = PBXFileReference; fileEncoding = 4; lastKnownFileType = sourcecode.c.h; path = "UIProgressView+C229CAR_AFNetworking.h"; sourceTree = "<group>"; };
		5310EE53240666E000EE0707 /* UIViewController+CLPlayerRotation.h */ = {isa = PBXFileReference; fileEncoding = 4; lastKnownFileType = sourcecode.c.h; path = "UIViewController+CLPlayerRotation.h"; sourceTree = "<group>"; };
		5310EE54240666E000EE0707 /* UIProgressView+C229CAR_AFNetworking.m */ = {isa = PBXFileReference; fileEncoding = 4; lastKnownFileType = sourcecode.c.objc; path = "UIProgressView+C229CAR_AFNetworking.m"; sourceTree = "<group>"; };
		5310EE55240666E000EE0707 /* UIImage+C229CAR_AFNetworking.h */ = {isa = PBXFileReference; fileEncoding = 4; lastKnownFileType = sourcecode.c.h; path = "UIImage+C229CAR_AFNetworking.h"; sourceTree = "<group>"; };
		5310EE56240666E000EE0707 /* C229CAR_AFNetworking.h */ = {isa = PBXFileReference; fileEncoding = 4; lastKnownFileType = sourcecode.c.h; path = C229CAR_AFNetworking.h; sourceTree = "<group>"; };
		5310EE57240666E000EE0707 /* C229CAR_AFURLRequestSerialization.m */ = {isa = PBXFileReference; fileEncoding = 4; lastKnownFileType = sourcecode.c.objc; path = C229CAR_AFURLRequestSerialization.m; sourceTree = "<group>"; };
		5310EE58240666E000EE0707 /* UIActivityIndicatorView+C229CAR_AFNetworking.m */ = {isa = PBXFileReference; fileEncoding = 4; lastKnownFileType = sourcecode.c.objc; path = "UIActivityIndicatorView+C229CAR_AFNetworking.m"; sourceTree = "<group>"; };
		5310EE59240666E000EE0707 /* UIViewController+CLPlayerRotation.m */ = {isa = PBXFileReference; fileEncoding = 4; lastKnownFileType = sourcecode.c.objc; path = "UIViewController+CLPlayerRotation.m"; sourceTree = "<group>"; };
		5310EE5A240666E100EE0707 /* UIWebView+C229CAR_AFNetworking.m */ = {isa = PBXFileReference; fileEncoding = 4; lastKnownFileType = sourcecode.c.objc; path = "UIWebView+C229CAR_AFNetworking.m"; sourceTree = "<group>"; };
		5310EE5B240666E100EE0707 /* C229CAR_AFURLSessionManager.h */ = {isa = PBXFileReference; fileEncoding = 4; lastKnownFileType = sourcecode.c.h; path = C229CAR_AFURLSessionManager.h; sourceTree = "<group>"; };
		5310EE5C240666E100EE0707 /* UIButton+C229CAR_AFNetworking.m */ = {isa = PBXFileReference; fileEncoding = 4; lastKnownFileType = sourcecode.c.objc; path = "UIButton+C229CAR_AFNetworking.m"; sourceTree = "<group>"; };
		5310EE5D240666E100EE0707 /* C229CAR_AFSecurityPolicy.m */ = {isa = PBXFileReference; fileEncoding = 4; lastKnownFileType = sourcecode.c.objc; path = C229CAR_AFSecurityPolicy.m; sourceTree = "<group>"; };
		5310EE5E240666E100EE0707 /* UIRefreshControl+C229CAR_AFNetworking.m */ = {isa = PBXFileReference; fileEncoding = 4; lastKnownFileType = sourcecode.c.objc; path = "UIRefreshControl+C229CAR_AFNetworking.m"; sourceTree = "<group>"; };
		5310EE5F240666E100EE0707 /* UIActivityIndicatorView+C229CAR_AFNetworking.h */ = {isa = PBXFileReference; fileEncoding = 4; lastKnownFileType = sourcecode.c.h; path = "UIActivityIndicatorView+C229CAR_AFNetworking.h"; sourceTree = "<group>"; };
		5310EE60240666E100EE0707 /* C229CAR_AFImageDownloader.h */ = {isa = PBXFileReference; fileEncoding = 4; lastKnownFileType = sourcecode.c.h; path = C229CAR_AFImageDownloader.h; sourceTree = "<group>"; };
		5310EE61240666E100EE0707 /* C229CAR_AFURLResponseSerialization.m */ = {isa = PBXFileReference; fileEncoding = 4; lastKnownFileType = sourcecode.c.objc; path = C229CAR_AFURLResponseSerialization.m; sourceTree = "<group>"; };
		5310EE62240666E100EE0707 /* UITabBarController+CLPlayerRotation.m */ = {isa = PBXFileReference; fileEncoding = 4; lastKnownFileType = sourcecode.c.objc; path = "UITabBarController+CLPlayerRotation.m"; sourceTree = "<group>"; };
		5310EE63240666E100EE0707 /* UIRefreshControl+C229CAR_AFNetworking.h */ = {isa = PBXFileReference; fileEncoding = 4; lastKnownFileType = sourcecode.c.h; path = "UIRefreshControl+C229CAR_AFNetworking.h"; sourceTree = "<group>"; };
		5310EE64240666E100EE0707 /* C229CAR_AFURLResponseSerialization.h */ = {isa = PBXFileReference; fileEncoding = 4; lastKnownFileType = sourcecode.c.h; path = C229CAR_AFURLResponseSerialization.h; sourceTree = "<group>"; };
		5310EE65240666E200EE0707 /* C229CAR_AFAutoPurgingImageCache.m */ = {isa = PBXFileReference; fileEncoding = 4; lastKnownFileType = sourcecode.c.objc; path = C229CAR_AFAutoPurgingImageCache.m; sourceTree = "<group>"; };
		5310EE66240666E200EE0707 /* C229CAR_AFAutoPurgingImageCache.h */ = {isa = PBXFileReference; fileEncoding = 4; lastKnownFileType = sourcecode.c.h; path = C229CAR_AFAutoPurgingImageCache.h; sourceTree = "<group>"; };
		5310EE67240666E200EE0707 /* C229CAR_AFImageDownloader.m */ = {isa = PBXFileReference; fileEncoding = 4; lastKnownFileType = sourcecode.c.objc; path = C229CAR_AFImageDownloader.m; sourceTree = "<group>"; };
		5310EE68240666E200EE0707 /* C229CAR_AFSecurityPolicy.h */ = {isa = PBXFileReference; fileEncoding = 4; lastKnownFileType = sourcecode.c.h; path = C229CAR_AFSecurityPolicy.h; sourceTree = "<group>"; };
		53AEC6CC23FE7AE90076BECD /* AppManager.h */ = {isa = PBXFileReference; fileEncoding = 4; lastKnownFileType = sourcecode.c.h; path = AppManager.h; sourceTree = "<group>"; };
		53AEC6CE23FE7AE90076BECD /* ForthView.m */ = {isa = PBXFileReference; fileEncoding = 4; lastKnownFileType = sourcecode.c.objc; path = ForthView.m; sourceTree = "<group>"; };
		53AEC6CF23FE7AE90076BECD /* ShanShuoView.h */ = {isa = PBXFileReference; fileEncoding = 4; lastKnownFileType = sourcecode.c.h; path = ShanShuoView.h; sourceTree = "<group>"; };
		53AEC7C023FE7AE90076BECD /* SecondView.h */ = {isa = PBXFileReference; fileEncoding = 4; lastKnownFileType = sourcecode.c.h; path = SecondView.h; sourceTree = "<group>"; };
		53AEC7D923FE7AE90076BECD /* ThirdView.m */ = {isa = PBXFileReference; fileEncoding = 4; lastKnownFileType = sourcecode.c.objc; path = ThirdView.m; sourceTree = "<group>"; };
		53AEC7DB23FE7AE90076BECD /* HQ229MainViewController.h */ = {isa = PBXFileReference; fileEncoding = 4; lastKnownFileType = sourcecode.c.h; path = HQ229MainViewController.h; sourceTree = "<group>"; };
		53AEC7DD23FE7AE90076BECD /* FifTableViewCell.m */ = {isa = PBXFileReference; fileEncoding = 4; lastKnownFileType = sourcecode.c.objc; path = FifTableViewCell.m; sourceTree = "<group>"; };
		53AEC7DE23FE7AE90076BECD /* FirstView.h */ = {isa = PBXFileReference; fileEncoding = 4; lastKnownFileType = sourcecode.c.h; path = FirstView.h; sourceTree = "<group>"; };
		53AEC7E023FE7AE90076BECD /* HSC229CarResource.bundle */ = {isa = PBXFileReference; lastKnownFileType = "wrapper.plug-in"; path = HSC229CarResource.bundle; sourceTree = "<group>"; };
		53AEC7E123FE7AE90076BECD /* TopTabView.h */ = {isa = PBXFileReference; fileEncoding = 4; lastKnownFileType = sourcecode.c.h; path = TopTabView.h; sourceTree = "<group>"; };
		53AEC7E223FE7AE90076BECD /* FifthView.m */ = {isa = PBXFileReference; fileEncoding = 4; lastKnownFileType = sourcecode.c.objc; path = FifthView.m; sourceTree = "<group>"; };
		53AEC7E323FE7AE90076BECD /* DetailViewController.m */ = {isa = PBXFileReference; fileEncoding = 4; lastKnownFileType = sourcecode.c.objc; path = DetailViewController.m; sourceTree = "<group>"; };
		53AEC7E423FE7AE90076BECD /* SecondTableViewCell.m */ = {isa = PBXFileReference; fileEncoding = 4; lastKnownFileType = sourcecode.c.objc; path = SecondTableViewCell.m; sourceTree = "<group>"; };
		53AEC7E523FE7AE90076BECD /* ElectronicManualViewController.h */ = {isa = PBXFileReference; fileEncoding = 4; lastKnownFileType = sourcecode.c.h; path = ElectronicManualViewController.h; sourceTree = "<group>"; };
		53AEC7E623FE7AE90076BECD /* ForthCollectionViewCell.m */ = {isa = PBXFileReference; fileEncoding = 4; lastKnownFileType = sourcecode.c.objc; path = ForthCollectionViewCell.m; sourceTree = "<group>"; };
		53AEC7E723FE7AE90076BECD /* SecondView.m */ = {isa = PBXFileReference; fileEncoding = 4; lastKnownFileType = sourcecode.c.objc; path = SecondView.m; sourceTree = "<group>"; };
		53AEC7E823FE7AE90076BECD /* ShanShuoView.m */ = {isa = PBXFileReference; fileEncoding = 4; lastKnownFileType = sourcecode.c.objc; path = ShanShuoView.m; sourceTree = "<group>"; };
		53AEC7E923FE7AE90076BECD /* ForthView.h */ = {isa = PBXFileReference; fileEncoding = 4; lastKnownFileType = sourcecode.c.h; path = ForthView.h; sourceTree = "<group>"; };
		53AEC7EB23FE7AE90076BECD /* AppManager.m */ = {isa = PBXFileReference; fileEncoding = 4; lastKnownFileType = sourcecode.c.objc; path = AppManager.m; sourceTree = "<group>"; };
		53AEC7EC23FE7AE90076BECD /* FifTableViewCell.h */ = {isa = PBXFileReference; fileEncoding = 4; lastKnownFileType = sourcecode.c.h; path = FifTableViewCell.h; sourceTree = "<group>"; };
		53AEC7EE23FE7AE90076BECD /* HQ229MainViewController.m */ = {isa = PBXFileReference; fileEncoding = 4; lastKnownFileType = sourcecode.c.objc; path = HQ229MainViewController.m; sourceTree = "<group>"; };
		53AEC7EF23FE7AE90076BECD /* ThirdView.h */ = {isa = PBXFileReference; fileEncoding = 4; lastKnownFileType = sourcecode.c.h; path = ThirdView.h; sourceTree = "<group>"; };
		53AEC7F023FE7AE90076BECD /* FifthView.h */ = {isa = PBXFileReference; fileEncoding = 4; lastKnownFileType = sourcecode.c.h; path = FifthView.h; sourceTree = "<group>"; };
		53AEC7F123FE7AE90076BECD /* TopTabView.m */ = {isa = PBXFileReference; fileEncoding = 4; lastKnownFileType = sourcecode.c.objc; path = TopTabView.m; sourceTree = "<group>"; };
		53AEC7F323FE7AE90076BECD /* Info.plist */ = {isa = PBXFileReference; fileEncoding = 4; lastKnownFileType = text.plist.xml; name = Info.plist; path = fmdb/Info.plist; sourceTree = "<group>"; };
		53AEC7F423FE7AE90076BECD /* AppFaster.h */ = {isa = PBXFileReference; fileEncoding = 4; lastKnownFileType = sourcecode.c.h; path = AppFaster.h; sourceTree = "<group>"; };
		53AEC7F523FE7AE90076BECD /* FirstView.m */ = {isa = PBXFileReference; fileEncoding = 4; lastKnownFileType = sourcecode.c.objc; path = FirstView.m; sourceTree = "<group>"; };
		53AEC7F623FE7AE90076BECD /* ForthCollectionViewCell.h */ = {isa = PBXFileReference; fileEncoding = 4; lastKnownFileType = sourcecode.c.h; path = ForthCollectionViewCell.h; sourceTree = "<group>"; };
		53AEC7F723FE7AE90076BECD /* SecondTableViewCell.h */ = {isa = PBXFileReference; fileEncoding = 4; lastKnownFileType = sourcecode.c.h; path = SecondTableViewCell.h; sourceTree = "<group>"; };
		53AEC7F823FE7AE90076BECD /* ElectronicManualViewController.m */ = {isa = PBXFileReference; fileEncoding = 4; lastKnownFileType = sourcecode.c.objc; path = ElectronicManualViewController.m; sourceTree = "<group>"; };
		53AEC7F923FE7AE90076BECD /* DetailViewController.h */ = {isa = PBXFileReference; fileEncoding = 4; lastKnownFileType = sourcecode.c.h; path = DetailViewController.h; sourceTree = "<group>"; };
		53B601B820FF3DDE000DAC14 /* AppDelegate.h */ = {isa = PBXFileReference; fileEncoding = 4; lastKnownFileType = sourcecode.c.h; path = AppDelegate.h; sourceTree = "<group>"; };
		53B601B920FF3DDE000DAC14 /* Assets.xcassets */ = {isa = PBXFileReference; lastKnownFileType = folder.assetcatalog; path = Assets.xcassets; sourceTree = "<group>"; };
		53B601BA20FF3DDE000DAC14 /* ViewController.m */ = {isa = PBXFileReference; fileEncoding = 4; lastKnownFileType = sourcecode.c.objc; path = ViewController.m; sourceTree = "<group>"; };
		53B601BC20FF3DDE000DAC14 /* Base */ = {isa = PBXFileReference; lastKnownFileType = file.storyboard; name = Base; path = Base.lproj/LaunchScreen.storyboard; sourceTree = "<group>"; };
		53B601BE20FF3DDE000DAC14 /* Base */ = {isa = PBXFileReference; lastKnownFileType = file.storyboard; name = Base; path = Base.lproj/Main.storyboard; sourceTree = "<group>"; };
		53B601BF20FF3DDE000DAC14 /* main.m */ = {isa = PBXFileReference; fileEncoding = 4; lastKnownFileType = sourcecode.c.objc; path = main.m; sourceTree = "<group>"; };
		53B6021520FF3DDE000DAC14 /* AppDelegate.m */ = {isa = PBXFileReference; fileEncoding = 4; lastKnownFileType = sourcecode.c.objc; path = AppDelegate.m; sourceTree = "<group>"; };
		53B6021620FF3DDE000DAC14 /* Info.plist */ = {isa = PBXFileReference; fileEncoding = 4; lastKnownFileType = text.plist.xml; path = Info.plist; sourceTree = "<group>"; };
		53B6021720FF3DDE000DAC14 /* ViewController.h */ = {isa = PBXFileReference; fileEncoding = 4; lastKnownFileType = sourcecode.c.h; path = ViewController.h; sourceTree = "<group>"; };
		53B6024421002818000DAC14 /* Default-667h@2x.png */ = {isa = PBXFileReference; lastKnownFileType = image.png; path = "Default-667h@2x.png"; sourceTree = "<group>"; };
		53B6024521002818000DAC14 /* bg_splash_2436*1125.png */ = {isa = PBXFileReference; lastKnownFileType = image.png; path = "bg_splash_2436*1125.png"; sourceTree = "<group>"; };
		53B6024621002818000DAC14 /* Default-Landscape-736h@3x.png */ = {isa = PBXFileReference; lastKnownFileType = image.png; path = "Default-Landscape-736h@3x.png"; sourceTree = "<group>"; };
		53B6024721002819000DAC14 /* Default-568h.png */ = {isa = PBXFileReference; lastKnownFileType = image.png; path = "Default-568h.png"; sourceTree = "<group>"; };
		53B6024821002819000DAC14 /*  Default@2x.png */ = {isa = PBXFileReference; lastKnownFileType = image.png; path = " Default@2x.png"; sourceTree = "<group>"; };
		743ADEFC244041CF0081AFEA /* C229NetWorkFailViewController.h */ = {isa = PBXFileReference; lastKnownFileType = sourcecode.c.h; path = C229NetWorkFailViewController.h; sourceTree = "<group>"; };
		743ADEFD244041CF0081AFEA /* C229NetWorkFailViewController.m */ = {isa = PBXFileReference; lastKnownFileType = sourcecode.c.objc; path = C229NetWorkFailViewController.m; sourceTree = "<group>"; wrapsLines = 0; };
		744F65DF24347A78007E7C11 /* C229SectionHeader.h */ = {isa = PBXFileReference; lastKnownFileType = sourcecode.c.h; path = C229SectionHeader.h; sourceTree = "<group>"; };
		744F65E024347A78007E7C11 /* C229SectionHeader.m */ = {isa = PBXFileReference; lastKnownFileType = sourcecode.c.objc; path = C229SectionHeader.m; sourceTree = "<group>"; };
		746F9202246D30F500F1EC7F /* HongQiC229.entitlements */ = {isa = PBXFileReference; lastKnownFileType = text.plist.entitlements; path = HongQiC229.entitlements; sourceTree = "<group>"; };
		748EDCF62457F854002AF29A /* C229ChooseModelViewController.h */ = {isa = PBXFileReference; lastKnownFileType = sourcecode.c.h; path = C229ChooseModelViewController.h; sourceTree = "<group>"; };
		748EDCF72457F854002AF29A /* C229ChooseModelViewController.m */ = {isa = PBXFileReference; lastKnownFileType = sourcecode.c.objc; path = C229ChooseModelViewController.m; sourceTree = "<group>"; };
		74927CB424FC98D500A989C1 /* DownLoadViewViewController.m */ = {isa = PBXFileReference; fileEncoding = 4; lastKnownFileType = sourcecode.c.objc; path = DownLoadViewViewController.m; sourceTree = "<group>"; };
		74927CB624FC98E000A989C1 /* DownLoadViewViewController.h */ = {isa = PBXFileReference; lastKnownFileType = sourcecode.c.h; path = DownLoadViewViewController.h; sourceTree = "<group>"; };
		74951EB42499AF7200608B54 /* MXCollectionViewLayout.m */ = {isa = PBXFileReference; fileEncoding = 4; lastKnownFileType = sourcecode.c.objc; path = MXCollectionViewLayout.m; sourceTree = "<group>"; };
		74951EB52499AF7200608B54 /* MXCollectionViewLayout.h */ = {isa = PBXFileReference; fileEncoding = 4; lastKnownFileType = sourcecode.c.h; path = MXCollectionViewLayout.h; sourceTree = "<group>"; };
		74951EB72499AF9100608B54 /* MXCollectionView.h */ = {isa = PBXFileReference; fileEncoding = 4; lastKnownFileType = sourcecode.c.h; path = MXCollectionView.h; sourceTree = "<group>"; };
		74951EB82499AF9100608B54 /* MXCollectionView.m */ = {isa = PBXFileReference; fileEncoding = 4; lastKnownFileType = sourcecode.c.objc; path = MXCollectionView.m; sourceTree = "<group>"; };
		74951EBA2499AFB900608B54 /* MXCollectionReusableView.m */ = {isa = PBXFileReference; fileEncoding = 4; lastKnownFileType = sourcecode.c.objc; path = MXCollectionReusableView.m; sourceTree = "<group>"; };
		74951EBB2499AFB900608B54 /* MXCollectionReusableView.h */ = {isa = PBXFileReference; fileEncoding = 4; lastKnownFileType = sourcecode.c.h; path = MXCollectionReusableView.h; sourceTree = "<group>"; };
		74951EBD2499E3B800608B54 /* MXCollectionViewCell.m */ = {isa = PBXFileReference; fileEncoding = 4; lastKnownFileType = sourcecode.c.objc; path = MXCollectionViewCell.m; sourceTree = "<group>"; };
		74951EBE2499E3B800608B54 /* MXCollectionViewCell.h */ = {isa = PBXFileReference; fileEncoding = 4; lastKnownFileType = sourcecode.c.h; path = MXCollectionViewCell.h; sourceTree = "<group>"; };
		74CFC78C24C895E800D45D05 /* c229_YYWebImage.h */ = {isa = PBXFileReference; fileEncoding = 4; lastKnownFileType = sourcecode.c.h; path = c229_YYWebImage.h; sourceTree = "<group>"; };
		74CFC78D24C895E900D45D05 /* c229_YYImageCache.m */ = {isa = PBXFileReference; fileEncoding = 4; lastKnownFileType = sourcecode.c.objc; path = c229_YYImageCache.m; sourceTree = "<group>"; };
		74CFC78E24C895E900D45D05 /* c229_YYWebImageOperation.h */ = {isa = PBXFileReference; fileEncoding = 4; lastKnownFileType = sourcecode.c.h; path = c229_YYWebImageOperation.h; sourceTree = "<group>"; };
		74CFC78F24C895E900D45D05 /* c229_YYWebImageManager.h */ = {isa = PBXFileReference; fileEncoding = 4; lastKnownFileType = sourcecode.c.h; path = c229_YYWebImageManager.h; sourceTree = "<group>"; };
		74CFC79024C895E900D45D05 /* c229_YYImageCache.h */ = {isa = PBXFileReference; fileEncoding = 4; lastKnownFileType = sourcecode.c.h; path = c229_YYImageCache.h; sourceTree = "<group>"; };
		74CFC79124C895E900D45D05 /* c229_YYWebImageManager.m */ = {isa = PBXFileReference; fileEncoding = 4; lastKnownFileType = sourcecode.c.objc; path = c229_YYWebImageManager.m; sourceTree = "<group>"; };
		74CFC79224C895E900D45D05 /* c229_YYWebImageOperation.m */ = {isa = PBXFileReference; fileEncoding = 4; lastKnownFileType = sourcecode.c.objc; path = c229_YYWebImageOperation.m; sourceTree = "<group>"; };
		74CFC79624C895F000D45D05 /* c229_YYFrameImage.m */ = {isa = PBXFileReference; fileEncoding = 4; lastKnownFileType = sourcecode.c.objc; path = c229_YYFrameImage.m; sourceTree = "<group>"; };
		74CFC79724C895F000D45D05 /* c229_YYFrameImage.h */ = {isa = PBXFileReference; fileEncoding = 4; lastKnownFileType = sourcecode.c.h; path = c229_YYFrameImage.h; sourceTree = "<group>"; };
		74CFC79824C895F000D45D05 /* c229_YYAnimatedImageView.m */ = {isa = PBXFileReference; fileEncoding = 4; lastKnownFileType = sourcecode.c.objc; path = c229_YYAnimatedImageView.m; sourceTree = "<group>"; };
		74CFC79924C895F000D45D05 /* c229_YYImageCoder.m */ = {isa = PBXFileReference; fileEncoding = 4; lastKnownFileType = sourcecode.c.objc; path = c229_YYImageCoder.m; sourceTree = "<group>"; };
		74CFC79A24C895F100D45D05 /* c229_YYSpriteSheetImage.m */ = {isa = PBXFileReference; fileEncoding = 4; lastKnownFileType = sourcecode.c.objc; path = c229_YYSpriteSheetImage.m; sourceTree = "<group>"; };
		74CFC79B24C895F100D45D05 /* c229_YYImageCoder.h */ = {isa = PBXFileReference; fileEncoding = 4; lastKnownFileType = sourcecode.c.h; path = c229_YYImageCoder.h; sourceTree = "<group>"; };
		74CFC79C24C895F100D45D05 /* c229_YYImage.h */ = {isa = PBXFileReference; fileEncoding = 4; lastKnownFileType = sourcecode.c.h; path = c229_YYImage.h; sourceTree = "<group>"; };
		74CFC79D24C895F100D45D05 /* c229_YYSpriteSheetImage.h */ = {isa = PBXFileReference; fileEncoding = 4; lastKnownFileType = sourcecode.c.h; path = c229_YYSpriteSheetImage.h; sourceTree = "<group>"; };
		74CFC79E24C895F100D45D05 /* c229_YYImage.m */ = {isa = PBXFileReference; fileEncoding = 4; lastKnownFileType = sourcecode.c.objc; path = c229_YYImage.m; sourceTree = "<group>"; };
		74CFC79F24C895F100D45D05 /* c229_YYAnimatedImageView.h */ = {isa = PBXFileReference; fileEncoding = 4; lastKnownFileType = sourcecode.c.h; path = c229_YYAnimatedImageView.h; sourceTree = "<group>"; };
		74CFC7A524C895F800D45D05 /* c229_YYMemoryCache.m */ = {isa = PBXFileReference; fileEncoding = 4; lastKnownFileType = sourcecode.c.objc; path = c229_YYMemoryCache.m; sourceTree = "<group>"; };
		74CFC7A624C895F800D45D05 /* c229_YYDiskCache.h */ = {isa = PBXFileReference; fileEncoding = 4; lastKnownFileType = sourcecode.c.h; path = c229_YYDiskCache.h; sourceTree = "<group>"; };
		74CFC7A724C895F800D45D05 /* c229_YYCache.h */ = {isa = PBXFileReference; fileEncoding = 4; lastKnownFileType = sourcecode.c.h; path = c229_YYCache.h; sourceTree = "<group>"; };
		74CFC7A824C895F800D45D05 /* c229_YYMemoryCache.h */ = {isa = PBXFileReference; fileEncoding = 4; lastKnownFileType = sourcecode.c.h; path = c229_YYMemoryCache.h; sourceTree = "<group>"; };
		74CFC7A924C895F800D45D05 /* c229_YYCache.m */ = {isa = PBXFileReference; fileEncoding = 4; lastKnownFileType = sourcecode.c.objc; path = c229_YYCache.m; sourceTree = "<group>"; };
		74CFC7AA24C895F800D45D05 /* c229_YYKVStorage.m */ = {isa = PBXFileReference; fileEncoding = 4; lastKnownFileType = sourcecode.c.objc; path = c229_YYKVStorage.m; sourceTree = "<group>"; };
		74CFC7AB24C895F800D45D05 /* c229_YYDiskCache.m */ = {isa = PBXFileReference; fileEncoding = 4; lastKnownFileType = sourcecode.c.objc; path = c229_YYDiskCache.m; sourceTree = "<group>"; };
		74CFC7AC24C895F800D45D05 /* c229_YYKVStorage.h */ = {isa = PBXFileReference; fileEncoding = 4; lastKnownFileType = sourcecode.c.h; path = c229_YYKVStorage.h; sourceTree = "<group>"; };
		74CFC7B124C8966B00D45D05 /* UIButton+c229YYWebImage.h */ = {isa = PBXFileReference; fileEncoding = 4; lastKnownFileType = sourcecode.c.h; path = "UIButton+c229YYWebImage.h"; sourceTree = "<group>"; };
		74CFC7B224C8966B00D45D05 /* UIButton+c229YYWebImage.m */ = {isa = PBXFileReference; fileEncoding = 4; lastKnownFileType = sourcecode.c.objc; path = "UIButton+c229YYWebImage.m"; sourceTree = "<group>"; };
		74CFC7B324C8966C00D45D05 /* CALayer+c229YYWebImage.h */ = {isa = PBXFileReference; fileEncoding = 4; lastKnownFileType = sourcecode.c.h; path = "CALayer+c229YYWebImage.h"; sourceTree = "<group>"; };
		74CFC7B424C8966C00D45D05 /* MKAnnotationView+c229YYWebImage.m */ = {isa = PBXFileReference; fileEncoding = 4; lastKnownFileType = sourcecode.c.objc; path = "MKAnnotationView+c229YYWebImage.m"; sourceTree = "<group>"; };
		74CFC7B524C8966C00D45D05 /* CALayer+c229YYWebImage.m */ = {isa = PBXFileReference; fileEncoding = 4; lastKnownFileType = sourcecode.c.objc; path = "CALayer+c229YYWebImage.m"; sourceTree = "<group>"; };
		74CFC7B624C8966C00D45D05 /* _c229YYWebImageSetter.h */ = {isa = PBXFileReference; fileEncoding = 4; lastKnownFileType = sourcecode.c.h; path = _c229YYWebImageSetter.h; sourceTree = "<group>"; };
		74CFC7B724C8966C00D45D05 /* UIImage+c229YYWebImage.m */ = {isa = PBXFileReference; fileEncoding = 4; lastKnownFileType = sourcecode.c.objc; path = "UIImage+c229YYWebImage.m"; sourceTree = "<group>"; };
		74CFC7B824C8966C00D45D05 /* MKAnnotationView+c229YYWebImage.h */ = {isa = PBXFileReference; fileEncoding = 4; lastKnownFileType = sourcecode.c.h; path = "MKAnnotationView+c229YYWebImage.h"; sourceTree = "<group>"; };
		74CFC7B924C8966C00D45D05 /* UIImageView+c229YYWebImage.h */ = {isa = PBXFileReference; fileEncoding = 4; lastKnownFileType = sourcecode.c.h; path = "UIImageView+c229YYWebImage.h"; sourceTree = "<group>"; };
		74CFC7BA24C8966C00D45D05 /* _c229YYWebImageSetter.m */ = {isa = PBXFileReference; fileEncoding = 4; lastKnownFileType = sourcecode.c.objc; path = _c229YYWebImageSetter.m; sourceTree = "<group>"; };
		74CFC7BB24C8966C00D45D05 /* UIImage+c229YYWebImage.h */ = {isa = PBXFileReference; fileEncoding = 4; lastKnownFileType = sourcecode.c.h; path = "UIImage+c229YYWebImage.h"; sourceTree = "<group>"; };
		74CFC7BC24C8966C00D45D05 /* UIImageView+c229YYWebImage.m */ = {isa = PBXFileReference; fileEncoding = 4; lastKnownFileType = sourcecode.c.objc; path = "UIImageView+c229YYWebImage.m"; sourceTree = "<group>"; };
		74DFFE65245279C0003D5641 /* CoreFoundation.framework */ = {isa = PBXFileReference; lastKnownFileType = wrapper.framework; name = CoreFoundation.framework; path = System/Library/Frameworks/CoreFoundation.framework; sourceTree = SDKROOT; };
/* End PBXFileReference section */

/* Begin PBXFrameworksBuildPhase section */
		4B92A7C120F5AB89005B6EEE /* Frameworks */ = {
			isa = PBXFrameworksBuildPhase;
			buildActionMask = 2147483647;
			files = (
				74DFFE6724527C3A003D5641 /* CoreFoundation.framework in Frameworks */,
			);
			runOnlyForDeploymentPostprocessing = 0;
		};
/* End PBXFrameworksBuildPhase section */

/* Begin PBXGroup section */
		4B92A7BB20F5AB89005B6EEE = {
			isa = PBXGroup;
			children = (
				746F9202246D30F500F1EC7F /* HongQiC229.entitlements */,
				53B601B720FF3DDE000DAC14 /* HongQiC229SDKiOS */,
				4B92A7C520F5AB89005B6EEE /* Products */,
				74DFFE64245279C0003D5641 /* Frameworks */,
			);
			sourceTree = "<group>";
		};
		4B92A7C520F5AB89005B6EEE /* Products */ = {
			isa = PBXGroup;
			children = (
				4B92A7C420F5AB89005B6EEE /* HongQiC229.app */,
			);
			name = Products;
			sourceTree = "<group>";
		};
		5310EDA3240403F200EE0707 /* mas */ = {
			isa = PBXGroup;
			children = (
				5310EDAF2404042D00EE0707 /* C229CAR_MASCompositeConstraint.h */,
				5310EDBA2404042E00EE0707 /* C229CAR_MASCompositeConstraint.m */,
				5310EDB22404042D00EE0707 /* C229CAR_MASConstraint.h */,
				5310EDBB2404042E00EE0707 /* C229CAR_MASConstraint.m */,
				5310EDB92404042E00EE0707 /* C229CAR_MASConstraint+Private.h */,
				5310EDB52404042E00EE0707 /* C229CAR_MASConstraintMaker.h */,
				5310EDB62404042E00EE0707 /* C229CAR_MASConstraintMaker.m */,
				5310EDB42404042E00EE0707 /* C229CAR_MASLayoutConstraint.h */,
				5310EDA42404042C00EE0707 /* C229CAR_MASLayoutConstraint.m */,
				5310EDAE2404042D00EE0707 /* C229CAR_Masonry.h */,
				5310EDA62404042D00EE0707 /* C229CAR_MASUtilities.h */,
				5310EDAD2404042D00EE0707 /* C229CAR_MASViewAttribute.h */,
				5310EDA82404042D00EE0707 /* C229CAR_MASViewAttribute.m */,
				5310EDA72404042D00EE0707 /* C229CAR_MASViewConstraint.h */,
				5310EDB32404042D00EE0707 /* C229CAR_MASViewConstraint.m */,
				5310EDA92404042D00EE0707 /* NSArray+C229CAR_MASAdditions.h */,
				5310EDB02404042D00EE0707 /* NSArray+C229CAR_MASAdditions.m */,
				5310EDB12404042D00EE0707 /* NSArray+C229CAR_MASShorthandAdditions.h */,
				5310EDBC2404042E00EE0707 /* NSLayoutConstraint+C229CAR_MASDebugAdditions.h */,
				5310EDB72404042E00EE0707 /* NSLayoutConstraint+C229CAR_MASDebugAdditions.m */,
				5310EDAC2404042D00EE0707 /* View+C229CAR_MASAdditions.h */,
				5310EDAB2404042D00EE0707 /* View+C229CAR_MASAdditions.m */,
				5310EDB82404042E00EE0707 /* View+C229CAR_MASShorthandAdditions.h */,
				5310EDA52404042C00EE0707 /* ViewController+C229CAR_MASAdditions.h */,
				5310EDAA2404042D00EE0707 /* ViewController+C229CAR_MASAdditions.m */,
			);
			name = mas;
			sourceTree = "<group>";
		};
		5310EDD62404FA8600EE0707 /* zip */ = {
			isa = PBXGroup;
			children = (
				5310ED932403EE3F00EE0707 /* C229ZipArchive.h */,
				5310ED5C2403EE1300EE0707 /* C229CAR_SSZipArchive.h */,
				5310ED632403EE1900EE0707 /* C229CAR_SSZipArchive.m */,
				5310ED442403EE0800EE0707 /* c229_aes_via_ace.h */,
				5310ED3A2403EE0600EE0707 /* c229_aes.h */,
				5310ED4A2403EE0900EE0707 /* c229_aescrypt.c */,
				5310ED552403EE1300EE0707 /* c229_aeskey.c */,
				5310ED592403EE1300EE0707 /* c229_aesopt.h */,
				5310ED342403EE0500EE0707 /* c229_aestab.c */,
				5310ED492403EE0800EE0707 /* c229_aestab.h */,
				5310ED4E2403EE0900EE0707 /* c229_brg_endian.h */,
				5310ED662403EE1A00EE0707 /* c229_brg_types.h */,
				5310ED382403EE0600EE0707 /* c229_Common.h */,
				5310ED5B2403EE1300EE0707 /* c229_crypt.h */,
				5310ED602403EE1900EE0707 /* c229_entropy.c */,
				5310ED512403EE1200EE0707 /* c229_entropy.h */,
				5310ED572403EE1300EE0707 /* c229_fileenc.c */,
				5310ED582403EE1300EE0707 /* c229_fileenc.h */,
				5310ED392403EE0600EE0707 /* c229_hmac.c */,
				5310ED522403EE1200EE0707 /* c229_hmac.h */,
				5310ED502403EE0A00EE0707 /* c229_ioapi.c */,
				5310ED5D2403EE1400EE0707 /* c229_ioapi.h */,
				5310ED622403EE1900EE0707 /* c229_mztools.c */,
				5310ED542403EE1200EE0707 /* c229_mztools.h */,
				5310ED482403EE0800EE0707 /* c229_prng.c */,
				5310ED4C2403EE0900EE0707 /* c229_prng.h */,
				5310ED5F2403EE1900EE0707 /* c229_pwd2key.c */,
				5310ED3B2403EE0600EE0707 /* c229_pwd2key.h */,
				5310ED5E2403EE1900EE0707 /* c229_sha1.c */,
				5310ED5A2403EE1300EE0707 /* c229_sha1.h */,
				5310ED472403EE0800EE0707 /* c229_unzip.c */,
				5310ED3D2403EE0700EE0707 /* c229_unzip.h */,
				5310ED352403EE0600EE0707 /* c229_zip.c */,
				5310ED672403EE1A00EE0707 /* c229_zip.h */,
			);
			name = zip;
			sourceTree = "<group>";
		};
		5310EDD82404FBA400EE0707 /* player */ = {
			isa = PBXGroup;
			children = (
				5310EDE72404FCDE00EE0707 /* CLGCDTimerManager.h */,
				5310EDE62404FCDE00EE0707 /* CLGCDTimerManager.m */,
				5310EDE92404FCDE00EE0707 /* CLPlayerMaskView.h */,
				5310EDEA2404FCDE00EE0707 /* CLPlayerMaskView.m */,
				5310EDE42404FCDE00EE0707 /* CLPlayerView.h */,
				5310EDE52404FCDE00EE0707 /* CLPlayerView.m */,
				5310EDE82404FCDE00EE0707 /* CLRotateAnimationView.h */,
				5310EDEC2404FCDF00EE0707 /* CLRotateAnimationView.m */,
				5310EDEB2404FCDF00EE0707 /* CLSlider.h */,
				5310EDED2404FCDF00EE0707 /* CLSlider.m */,
			);
			name = player;
			sourceTree = "<group>";
		};
		5310EDFB2404FDFA00EE0707 /* afnet */ = {
			isa = PBXGroup;
			children = (
				5310EE66240666E200EE0707 /* C229CAR_AFAutoPurgingImageCache.h */,
				5310EE65240666E200EE0707 /* C229CAR_AFAutoPurgingImageCache.m */,
				5310EE4A240666DF00EE0707 /* C229CAR_AFHTTPSessionManager.h */,
				5310EE49240666DF00EE0707 /* C229CAR_AFHTTPSessionManager.m */,
				5310EE60240666E100EE0707 /* C229CAR_AFImageDownloader.h */,
				5310EE67240666E200EE0707 /* C229CAR_AFImageDownloader.m */,
				5310EE45240666DF00EE0707 /* C229CAR_AFNetworkActivityIndicatorManager.h */,
				5310EE4E240666E000EE0707 /* C229CAR_AFNetworkActivityIndicatorManager.m */,
				5310EE56240666E000EE0707 /* C229CAR_AFNetworking.h */,
				5310EE46240666DF00EE0707 /* C229CAR_AFNetworkReachabilityManager.h */,
				5310EE4B240666DF00EE0707 /* C229CAR_AFNetworkReachabilityManager.m */,
				5310EE68240666E200EE0707 /* C229CAR_AFSecurityPolicy.h */,
				5310EE5D240666E100EE0707 /* C229CAR_AFSecurityPolicy.m */,
				5310EE50240666E000EE0707 /* C229CAR_AFURLRequestSerialization.h */,
				5310EE57240666E000EE0707 /* C229CAR_AFURLRequestSerialization.m */,
				5310EE64240666E100EE0707 /* C229CAR_AFURLResponseSerialization.h */,
				5310EE61240666E100EE0707 /* C229CAR_AFURLResponseSerialization.m */,
				5310EE5B240666E100EE0707 /* C229CAR_AFURLSessionManager.h */,
				5310EE4D240666DF00EE0707 /* C229CAR_AFURLSessionManager.m */,
				5310EE5F240666E100EE0707 /* UIActivityIndicatorView+C229CAR_AFNetworking.h */,
				5310EE58240666E000EE0707 /* UIActivityIndicatorView+C229CAR_AFNetworking.m */,
				5310EE43240666DF00EE0707 /* UIButton+C229CAR_AFNetworking.h */,
				5310EE5C240666E100EE0707 /* UIButton+C229CAR_AFNetworking.m */,
				5310EE55240666E000EE0707 /* UIImage+C229CAR_AFNetworking.h */,
				5310EE47240666DF00EE0707 /* UIImageView+AFNetworking.m */,
				5310EE48240666DF00EE0707 /* UIImageView+C229CAR_AFNetworking.h */,
				5310EE4F240666E000EE0707 /* UIKit+C229CAR_AFNetworking.h */,
				5310EE4C240666DF00EE0707 /* UINavigationController+CLPlayerRotation.h */,
				5310EE51240666E000EE0707 /* UINavigationController+CLPlayerRotation.m */,
				5310EE52240666E000EE0707 /* UIProgressView+C229CAR_AFNetworking.h */,
				5310EE54240666E000EE0707 /* UIProgressView+C229CAR_AFNetworking.m */,
				5310EE63240666E100EE0707 /* UIRefreshControl+C229CAR_AFNetworking.h */,
				5310EE5E240666E100EE0707 /* UIRefreshControl+C229CAR_AFNetworking.m */,
				5310EE42240666DF00EE0707 /* UITabBarController+CLPlayerRotation.h */,
				5310EE62240666E100EE0707 /* UITabBarController+CLPlayerRotation.m */,
				5310EE53240666E000EE0707 /* UIViewController+CLPlayerRotation.h */,
				5310EE59240666E000EE0707 /* UIViewController+CLPlayerRotation.m */,
				5310EE44240666DF00EE0707 /* UIWebView+C229CAR_AFNetworking.h */,
				5310EE5A240666E100EE0707 /* UIWebView+C229CAR_AFNetworking.m */,
			);
			name = afnet;
			sourceTree = "<group>";
		};
		53AEC6CB23FE7AE90076BECD /* HongQiC229SDK */ = {
			isa = PBXGroup;
			children = (
				74927CB624FC98E000A989C1 /* DownLoadViewViewController.h */,
				74927CB424FC98D500A989C1 /* DownLoadViewViewController.m */,
				74CFC78B24C895D400D45D05 /* c229YYImage */,
				5310EDD82404FBA400EE0707 /* player */,
				5310EDD62404FA8600EE0707 /* zip */,
				5310EDFB2404FDFA00EE0707 /* afnet */,
				5310EDA3240403F200EE0707 /* mas */,
				5310ED8C2403EE3F00EE0707 /* Info.plist */,
				5310ED822403EE3E00EE0707 /* NetWorkManager.h */,
				5310ED842403EE3E00EE0707 /* NetWorkManager.m */,
				5310ED802403EE3D00EE0707 /* TagBtn.h */,
				5310ED8D2403EE3F00EE0707 /* TagBtn.m */,
				53AEC6CC23FE7AE90076BECD /* AppManager.h */,
				53AEC6CE23FE7AE90076BECD /* ForthView.m */,
				53AEC6CF23FE7AE90076BECD /* ShanShuoView.h */,
				53AEC7C023FE7AE90076BECD /* SecondView.h */,
				53AEC7D923FE7AE90076BECD /* ThirdView.m */,
				53AEC7DB23FE7AE90076BECD /* HQ229MainViewController.h */,
				53AEC7DD23FE7AE90076BECD /* FifTableViewCell.m */,
				53AEC7DE23FE7AE90076BECD /* FirstView.h */,
				53AEC7E023FE7AE90076BECD /* HSC229CarResource.bundle */,
				53AEC7E123FE7AE90076BECD /* TopTabView.h */,
				53AEC7E223FE7AE90076BECD /* FifthView.m */,
				53AEC7E323FE7AE90076BECD /* DetailViewController.m */,
				53AEC7E423FE7AE90076BECD /* SecondTableViewCell.m */,
				53AEC7E523FE7AE90076BECD /* ElectronicManualViewController.h */,
				74951EB72499AF9100608B54 /* MXCollectionView.h */,
				74951EB82499AF9100608B54 /* MXCollectionView.m */,
				74951EBE2499E3B800608B54 /* MXCollectionViewCell.h */,
				74951EBD2499E3B800608B54 /* MXCollectionViewCell.m */,
				53AEC7E623FE7AE90076BECD /* ForthCollectionViewCell.m */,
				53AEC7E723FE7AE90076BECD /* SecondView.m */,
				744F65DF24347A78007E7C11 /* C229SectionHeader.h */,
				744F65E024347A78007E7C11 /* C229SectionHeader.m */,
				53AEC7E823FE7AE90076BECD /* ShanShuoView.m */,
				53AEC7E923FE7AE90076BECD /* ForthView.h */,
				53AEC7EB23FE7AE90076BECD /* AppManager.m */,
				74951EBB2499AFB900608B54 /* MXCollectionReusableView.h */,
				74951EBA2499AFB900608B54 /* MXCollectionReusableView.m */,
				53AEC7EC23FE7AE90076BECD /* FifTableViewCell.h */,
				53AEC7EF23FE7AE90076BECD /* ThirdView.h */,
				53AEC7EE23FE7AE90076BECD /* HQ229MainViewController.m */,
				53AEC7F023FE7AE90076BECD /* FifthView.h */,
				74951EB52499AF7200608B54 /* MXCollectionViewLayout.h */,
				74951EB42499AF7200608B54 /* MXCollectionViewLayout.m */,
				53AEC7F123FE7AE90076BECD /* TopTabView.m */,
				53AEC7F323FE7AE90076BECD /* Info.plist */,
				53AEC7F423FE7AE90076BECD /* AppFaster.h */,
				53AEC7F523FE7AE90076BECD /* FirstView.m */,
				53AEC7F623FE7AE90076BECD /* ForthCollectionViewCell.h */,
				53AEC7F723FE7AE90076BECD /* SecondTableViewCell.h */,
				53AEC7F823FE7AE90076BECD /* ElectronicManualViewController.m */,
				53AEC7F923FE7AE90076BECD /* DetailViewController.h */,
				743ADEFC244041CF0081AFEA /* C229NetWorkFailViewController.h */,
				743ADEFD244041CF0081AFEA /* C229NetWorkFailViewController.m */,
				748EDCF62457F854002AF29A /* C229ChooseModelViewController.h */,
				748EDCF72457F854002AF29A /* C229ChooseModelViewController.m */,
			);
			path = HongQiC229SDK;
			sourceTree = "<group>";
		};
		53B601B720FF3DDE000DAC14 /* HongQiC229SDKiOS */ = {
			isa = PBXGroup;
			children = (
				53AEC6CB23FE7AE90076BECD /* HongQiC229SDK */,
				53B6024821002819000DAC14 /*  Default@2x.png */,
				53B6024521002818000DAC14 /* bg_splash_2436*1125.png */,
				53B6024721002819000DAC14 /* Default-568h.png */,
				53B6024421002818000DAC14 /* Default-667h@2x.png */,
				53B6024621002818000DAC14 /* Default-Landscape-736h@3x.png */,
				53B601B820FF3DDE000DAC14 /* AppDelegate.h */,
				53B601B920FF3DDE000DAC14 /* Assets.xcassets */,
				53B601BA20FF3DDE000DAC14 /* ViewController.m */,
				53B601BB20FF3DDE000DAC14 /* LaunchScreen.storyboard */,
				53B601BD20FF3DDE000DAC14 /* Main.storyboard */,
				53B601BF20FF3DDE000DAC14 /* main.m */,
				53B6021520FF3DDE000DAC14 /* AppDelegate.m */,
				53B6021620FF3DDE000DAC14 /* Info.plist */,
				53B6021720FF3DDE000DAC14 /* ViewController.h */,
			);
			path = HongQiC229SDKiOS;
			sourceTree = "<group>";
		};
		74CFC78B24C895D400D45D05 /* c229YYImage */ = {
			isa = PBXGroup;
			children = (
				74CFC7A724C895F800D45D05 /* c229_YYCache.h */,
				74CFC7A924C895F800D45D05 /* c229_YYCache.m */,
				74CFC7A624C895F800D45D05 /* c229_YYDiskCache.h */,
				74CFC7AB24C895F800D45D05 /* c229_YYDiskCache.m */,
				74CFC7B624C8966C00D45D05 /* _c229YYWebImageSetter.h */,
				74CFC7BA24C8966C00D45D05 /* _c229YYWebImageSetter.m */,
				74CFC7B324C8966C00D45D05 /* CALayer+c229YYWebImage.h */,
				74CFC7B524C8966C00D45D05 /* CALayer+c229YYWebImage.m */,
				74CFC7B824C8966C00D45D05 /* MKAnnotationView+c229YYWebImage.h */,
				74CFC7B424C8966C00D45D05 /* MKAnnotationView+c229YYWebImage.m */,
				74CFC7B124C8966B00D45D05 /* UIButton+c229YYWebImage.h */,
				74CFC7B224C8966B00D45D05 /* UIButton+c229YYWebImage.m */,
				74CFC7BB24C8966C00D45D05 /* UIImage+c229YYWebImage.h */,
				74CFC7B724C8966C00D45D05 /* UIImage+c229YYWebImage.m */,
				74CFC7B924C8966C00D45D05 /* UIImageView+c229YYWebImage.h */,
				74CFC7BC24C8966C00D45D05 /* UIImageView+c229YYWebImage.m */,
				74CFC7AC24C895F800D45D05 /* c229_YYKVStorage.h */,
				74CFC7AA24C895F800D45D05 /* c229_YYKVStorage.m */,
				74CFC7A824C895F800D45D05 /* c229_YYMemoryCache.h */,
				74CFC7A524C895F800D45D05 /* c229_YYMemoryCache.m */,
				74CFC79F24C895F100D45D05 /* c229_YYAnimatedImageView.h */,
				74CFC79824C895F000D45D05 /* c229_YYAnimatedImageView.m */,
				74CFC79724C895F000D45D05 /* c229_YYFrameImage.h */,
				74CFC79624C895F000D45D05 /* c229_YYFrameImage.m */,
				74CFC79C24C895F100D45D05 /* c229_YYImage.h */,
				74CFC79E24C895F100D45D05 /* c229_YYImage.m */,
				74CFC79B24C895F100D45D05 /* c229_YYImageCoder.h */,
				74CFC79924C895F000D45D05 /* c229_YYImageCoder.m */,
				74CFC79D24C895F100D45D05 /* c229_YYSpriteSheetImage.h */,
				74CFC79A24C895F100D45D05 /* c229_YYSpriteSheetImage.m */,
				74CFC79024C895E900D45D05 /* c229_YYImageCache.h */,
				74CFC78D24C895E900D45D05 /* c229_YYImageCache.m */,
				74CFC78C24C895E800D45D05 /* c229_YYWebImage.h */,
				74CFC78F24C895E900D45D05 /* c229_YYWebImageManager.h */,
				74CFC79124C895E900D45D05 /* c229_YYWebImageManager.m */,
				74CFC78E24C895E900D45D05 /* c229_YYWebImageOperation.h */,
				74CFC79224C895E900D45D05 /* c229_YYWebImageOperation.m */,
			);
			name = c229YYImage;
			sourceTree = "<group>";
		};
		74DFFE64245279C0003D5641 /* Frameworks */ = {
			isa = PBXGroup;
			children = (
				74DFFE65245279C0003D5641 /* CoreFoundation.framework */,
			);
			name = Frameworks;
			sourceTree = "<group>";
		};
/* End PBXGroup section */

/* Begin PBXNativeTarget section */
		4B92A7C320F5AB89005B6EEE /* HongQiC229 */ = {
			isa = PBXNativeTarget;
			buildConfigurationList = 4B92A7DA20F5AB89005B6EEE /* Build configuration list for PBXNativeTarget "HongQiC229" */;
			buildPhases = (
				4B92A7C020F5AB89005B6EEE /* Sources */,
				4B92A7C120F5AB89005B6EEE /* Frameworks */,
				4B92A7C220F5AB89005B6EEE /* Resources */,
			);
			buildRules = (
			);
			dependencies = (
			);
			name = HongQiC229;
			productName = CarSDKiOS;
			productReference = 4B92A7C420F5AB89005B6EEE /* HongQiC229.app */;
			productType = "com.apple.product-type.application";
		};
/* End PBXNativeTarget section */

/* Begin PBXProject section */
		4B92A7BC20F5AB89005B6EEE /* Project object */ = {
			isa = PBXProject;
			attributes = {
				LastUpgradeCheck = 0930;
				ORGANIZATIONNAME = freedomTeam;
				TargetAttributes = {
					4B92A7C320F5AB89005B6EEE = {
						CreatedOnToolsVersion = 9.3;
					};
				};
			};
			buildConfigurationList = 4B92A7BF20F5AB89005B6EEE /* Build configuration list for PBXProject "HongQiC229" */;
			compatibilityVersion = "Xcode 9.3";
			developmentRegion = en;
			hasScannedForEncodings = 0;
			knownRegions = (
				en,
				Base,
			);
			mainGroup = 4B92A7BB20F5AB89005B6EEE;
			productRefGroup = 4B92A7C520F5AB89005B6EEE /* Products */;
			projectDirPath = "";
			projectRoot = "";
			targets = (
				4B92A7C320F5AB89005B6EEE /* HongQiC229 */,
			);
		};
/* End PBXProject section */

/* Begin PBXResourcesBuildPhase section */
		4B92A7C220F5AB89005B6EEE /* Resources */ = {
			isa = PBXResourcesBuildPhase;
			buildActionMask = 2147483647;
			files = (
				53AEC89023FE7AE90076BECD /* HSC229CarResource.bundle in Resources */,
				53B6024A21002819000DAC14 /* bg_splash_2436*1125.png in Resources */,
				53B6024921002819000DAC14 /* Default-667h@2x.png in Resources */,
				53B6021B20FF3DDF000DAC14 /* Main.storyboard in Resources */,
				53B6024B21002819000DAC14 /* Default-Landscape-736h@3x.png in Resources */,
				53B6021820FF3DDF000DAC14 /* Assets.xcassets in Resources */,
				5310ED9A2403EE4000EE0707 /* Info.plist in Resources */,
				53B6024D21002819000DAC14 /*  Default@2x.png in Resources */,
				53B6024C21002819000DAC14 /* Default-568h.png in Resources */,
				53B6024E210028DE000DAC14 /* LaunchScreen.storyboard in Resources */,
			);
			runOnlyForDeploymentPostprocessing = 0;
		};
/* End PBXResourcesBuildPhase section */

/* Begin PBXSourcesBuildPhase section */
		4B92A7C020F5AB89005B6EEE /* Sources */ = {
			isa = PBXSourcesBuildPhase;
			buildActionMask = 2147483647;
			files = (
				74CFC7BD24C8966C00D45D05 /* UIButton+c229YYWebImage.m in Sources */,
				5310ED772403EE1A00EE0707 /* c229_fileenc.c in Sources */,
				5310EE6E240666E200EE0707 /* UINavigationController+CLPlayerRotation.m in Sources */,
				5310EE6D240666E200EE0707 /* C229CAR_AFNetworkActivityIndicatorManager.m in Sources */,
				5310EE74240666E200EE0707 /* UIButton+C229CAR_AFNetworking.m in Sources */,
				5310EE76240666E200EE0707 /* UIRefreshControl+C229CAR_AFNetworking.m in Sources */,
				5310EE78240666E200EE0707 /* UITabBarController+CLPlayerRotation.m in Sources */,
				748EDCF82457F854002AF29A /* C229ChooseModelViewController.m in Sources */,
				74951EBC2499AFB900608B54 /* MXCollectionReusableView.m in Sources */,
				5310ED6E2403EE1A00EE0707 /* c229_unzip.c in Sources */,
				5310ED682403EE1A00EE0707 /* c229_aestab.c in Sources */,
				5310ED6A2403EE1A00EE0707 /* c229_hmac.c in Sources */,
				5310EE6A240666E200EE0707 /* C229CAR_AFHTTPSessionManager.m in Sources */,
				5310EDC02404042E00EE0707 /* View+C229CAR_MASAdditions.m in Sources */,
				5310EDEF2404FCDF00EE0707 /* CLGCDTimerManager.m in Sources */,
				74CFC7A224C895F100D45D05 /* c229_YYImageCoder.m in Sources */,
				53AEC88E23FE7AE90076BECD /* FifTableViewCell.m in Sources */,
				5310EE75240666E200EE0707 /* C229CAR_AFSecurityPolicy.m in Sources */,
				5310ED782403EE1A00EE0707 /* c229_sha1.c in Sources */,
				53AEC88B23FE7AE90076BECD /* ThirdView.m in Sources */,
				5310EDBF2404042E00EE0707 /* ViewController+C229CAR_MASAdditions.m in Sources */,
				5310EDBD2404042E00EE0707 /* C229CAR_MASLayoutConstraint.m in Sources */,
				5310EE69240666E200EE0707 /* UIImageView+AFNetworking.m in Sources */,
				53AEC89523FE7AE90076BECD /* SecondView.m in Sources */,
				5310EE6C240666E200EE0707 /* C229CAR_AFURLSessionManager.m in Sources */,
				5310EDBE2404042E00EE0707 /* C229CAR_MASViewAttribute.m in Sources */,
				5310EDC62404042E00EE0707 /* C229CAR_MASConstraint.m in Sources */,
				5310EDEE2404FCDF00EE0707 /* CLPlayerView.m in Sources */,
				5310EE70240666E200EE0707 /* C229CAR_AFURLRequestSerialization.m in Sources */,
				74CFC7BE24C8966C00D45D05 /* MKAnnotationView+c229YYWebImage.m in Sources */,
				5310EE71240666E200EE0707 /* UIActivityIndicatorView+C229CAR_AFNetworking.m in Sources */,
				53AEC89C23FE7AE90076BECD /* FirstView.m in Sources */,
				5310EE6B240666E200EE0707 /* C229CAR_AFNetworkReachabilityManager.m in Sources */,
				74CFC7B024C895F800D45D05 /* c229_YYDiskCache.m in Sources */,
				74CFC7AD24C895F800D45D05 /* c229_YYMemoryCache.m in Sources */,
				74CFC7C124C8966C00D45D05 /* _c229YYWebImageSetter.m in Sources */,
				5310ED692403EE1A00EE0707 /* c229_zip.c in Sources */,
				53AEC89A23FE7AE90076BECD /* TopTabView.m in Sources */,
				74CFC7AE24C895F800D45D05 /* c229_YYCache.m in Sources */,
				53AEC89623FE7AE90076BECD /* ShanShuoView.m in Sources */,
				74CFC7A024C895F100D45D05 /* c229_YYFrameImage.m in Sources */,
				74927CB524FC98D500A989C1 /* DownLoadViewViewController.m in Sources */,
				53AEC89223FE7AE90076BECD /* DetailViewController.m in Sources */,
				5310EDF02404FCDF00EE0707 /* CLPlayerMaskView.m in Sources */,
				5310EDC32404042E00EE0707 /* C229CAR_MASConstraintMaker.m in Sources */,
				53AEC89823FE7AE90076BECD /* AppManager.m in Sources */,
				5310ED702403EE1A00EE0707 /* c229_aescrypt.c in Sources */,
				5310ED7A2403EE1A00EE0707 /* c229_entropy.c in Sources */,
				74951EBF2499E3B800608B54 /* MXCollectionViewCell.m in Sources */,
				5310EE79240666E200EE0707 /* C229CAR_AFAutoPurgingImageCache.m in Sources */,
				5310EE73240666E200EE0707 /* UIWebView+C229CAR_AFNetworking.m in Sources */,
				74CFC7A124C895F100D45D05 /* c229_YYAnimatedImageView.m in Sources */,
				53B6024220FF3DDF000DAC14 /* AppDelegate.m in Sources */,
				5310EDC42404042E00EE0707 /* NSLayoutConstraint+C229CAR_MASDebugAdditions.m in Sources */,
				74CFC79524C895E900D45D05 /* c229_YYWebImageOperation.m in Sources */,
				5310ED9B2403EE4000EE0707 /* TagBtn.m in Sources */,
				74CFC7C224C8966C00D45D05 /* UIImageView+c229YYWebImage.m in Sources */,
				53AEC89D23FE7AE90076BECD /* ElectronicManualViewController.m in Sources */,
				53AEC89423FE7AE90076BECD /* ForthCollectionViewCell.m in Sources */,
				5310EE77240666E200EE0707 /* C229CAR_AFURLResponseSerialization.m in Sources */,
				74CFC7A424C895F100D45D05 /* c229_YYImage.m in Sources */,
				53B6021C20FF3DDF000DAC14 /* main.m in Sources */,
				5310ED752403EE1A00EE0707 /* c229_aeskey.c in Sources */,
				74CFC7C024C8966C00D45D05 /* UIImage+c229YYWebImage.m in Sources */,
				5310ED6F2403EE1A00EE0707 /* c229_prng.c in Sources */,
				5310EDC52404042E00EE0707 /* C229CAR_MASCompositeConstraint.m in Sources */,
				5310EDF22404FCDF00EE0707 /* CLSlider.m in Sources */,
				5310ED792403EE1A00EE0707 /* c229_pwd2key.c in Sources */,
				74CFC79424C895E900D45D05 /* c229_YYWebImageManager.m in Sources */,
				5310EE72240666E200EE0707 /* UIViewController+CLPlayerRotation.m in Sources */,
				53AEC89923FE7AE90076BECD /* HQ229MainViewController.m in Sources */,
				743ADEFE244041CF0081AFEA /* C229NetWorkFailViewController.m in Sources */,
				53B6021920FF3DDF000DAC14 /* ViewController.m in Sources */,
				74CFC79324C895E900D45D05 /* c229_YYImageCache.m in Sources */,
				5310EE6F240666E200EE0707 /* UIProgressView+C229CAR_AFNetworking.m in Sources */,
				74CFC7AF24C895F800D45D05 /* c229_YYKVStorage.m in Sources */,
				74951EB62499AF7200608B54 /* MXCollectionViewLayout.m in Sources */,
				5310ED7B2403EE1A00EE0707 /* c229_mztools.c in Sources */,
				74CFC7BF24C8966C00D45D05 /* CALayer+c229YYWebImage.m in Sources */,
				53AEC89123FE7AE90076BECD /* FifthView.m in Sources */,
				5310EDC22404042E00EE0707 /* C229CAR_MASViewConstraint.m in Sources */,
				74951EB92499AF9100608B54 /* MXCollectionView.m in Sources */,
				5310ED7C2403EE1A00EE0707 /* C229CAR_SSZipArchive.m in Sources */,
				744F65E124347A78007E7C11 /* C229SectionHeader.m in Sources */,
				74CFC7A324C895F100D45D05 /* c229_YYSpriteSheetImage.m in Sources */,
				5310EDC12404042E00EE0707 /* NSArray+C229CAR_MASAdditions.m in Sources */,
				5310EDF12404FCDF00EE0707 /* CLRotateAnimationView.m in Sources */,
				5310EE7A240666E200EE0707 /* C229CAR_AFImageDownloader.m in Sources */,
				53AEC7FB23FE7AE90076BECD /* ForthView.m in Sources */,
				53AEC89323FE7AE90076BECD /* SecondTableViewCell.m in Sources */,
				5310ED962403EE4000EE0707 /* NetWorkManager.m in Sources */,
				5310ED742403EE1A00EE0707 /* c229_ioapi.c in Sources */,
			);
			runOnlyForDeploymentPostprocessing = 0;
		};
/* End PBXSourcesBuildPhase section */

/* Begin PBXVariantGroup section */
		53B601BB20FF3DDE000DAC14 /* LaunchScreen.storyboard */ = {
			isa = PBXVariantGroup;
			children = (
				53B601BC20FF3DDE000DAC14 /* Base */,
			);
			name = LaunchScreen.storyboard;
			sourceTree = "<group>";
		};
		53B601BD20FF3DDE000DAC14 /* Main.storyboard */ = {
			isa = PBXVariantGroup;
			children = (
				53B601BE20FF3DDE000DAC14 /* Base */,
			);
			name = Main.storyboard;
			sourceTree = "<group>";
		};
/* End PBXVariantGroup section */

/* Begin XCBuildConfiguration section */
		4B92A7D820F5AB89005B6EEE /* Debug */ = {
			isa = XCBuildConfiguration;
			buildSettings = {
				ALWAYS_SEARCH_USER_PATHS = NO;
				CLANG_ALLOW_NON_MODULAR_INCLUDES_IN_FRAMEWORK_MODULES = YES;
				CLANG_ANALYZER_NONNULL = YES;
				CLANG_ANALYZER_NUMBER_OBJECT_CONVERSION = YES_AGGRESSIVE;
				CLANG_CXX_LANGUAGE_STANDARD = "gnu++14";
				CLANG_CXX_LIBRARY = "libc++";
				CLANG_ENABLE_MODULES = YES;
				CLANG_ENABLE_OBJC_ARC = YES;
				CLANG_ENABLE_OBJC_WEAK = YES;
				CLANG_WARN_BLOCK_CAPTURE_AUTORELEASING = YES;
				CLANG_WARN_BOOL_CONVERSION = YES;
				CLANG_WARN_COMMA = YES;
				CLANG_WARN_CONSTANT_CONVERSION = YES;
				CLANG_WARN_DEPRECATED_OBJC_IMPLEMENTATIONS = YES;
				CLANG_WARN_DIRECT_OBJC_ISA_USAGE = YES_ERROR;
				CLANG_WARN_DOCUMENTATION_COMMENTS = YES;
				CLANG_WARN_EMPTY_BODY = YES;
				CLANG_WARN_ENUM_CONVERSION = YES;
				CLANG_WARN_INFINITE_RECURSION = YES;
				CLANG_WARN_INT_CONVERSION = YES;
				CLANG_WARN_NON_LITERAL_NULL_CONVERSION = YES;
				CLANG_WARN_OBJC_IMPLICIT_RETAIN_SELF = YES;
				CLANG_WARN_OBJC_LITERAL_CONVERSION = YES;
				CLANG_WARN_OBJC_ROOT_CLASS = YES_ERROR;
				CLANG_WARN_RANGE_LOOP_ANALYSIS = YES;
				CLANG_WARN_STRICT_PROTOTYPES = YES;
				CLANG_WARN_SUSPICIOUS_MOVE = YES;
				CLANG_WARN_UNGUARDED_AVAILABILITY = YES_AGGRESSIVE;
				CLANG_WARN_UNREACHABLE_CODE = YES;
				CLANG_WARN__DUPLICATE_METHOD_MATCH = YES;
				CODE_SIGN_IDENTITY = "iPhone Developer";
				COPY_PHASE_STRIP = NO;
				DEBUG_INFORMATION_FORMAT = dwarf;
				ENABLE_STRICT_OBJC_MSGSEND = YES;
				ENABLE_TESTABILITY = YES;
				GCC_C_LANGUAGE_STANDARD = gnu11;
				GCC_DYNAMIC_NO_PIC = NO;
				GCC_NO_COMMON_BLOCKS = YES;
				GCC_OPTIMIZATION_LEVEL = 0;
				GCC_PREPROCESSOR_DEFINITIONS = (
					"DEBUG=1",
					"$(inherited)",
				);
				GCC_WARN_64_TO_32_BIT_CONVERSION = YES;
				GCC_WARN_ABOUT_RETURN_TYPE = YES_ERROR;
				GCC_WARN_UNDECLARED_SELECTOR = YES;
				GCC_WARN_UNINITIALIZED_AUTOS = YES_AGGRESSIVE;
				GCC_WARN_UNUSED_FUNCTION = YES;
				GCC_WARN_UNUSED_VARIABLE = YES;
				IPHONEOS_DEPLOYMENT_TARGET = 11.3;
				MTL_ENABLE_DEBUG_INFO = YES;
				ONLY_ACTIVE_ARCH = YES;
				SDKROOT = iphoneos;
			};
			name = Debug;
		};
		4B92A7D920F5AB89005B6EEE /* Release */ = {
			isa = XCBuildConfiguration;
			buildSettings = {
				ALWAYS_SEARCH_USER_PATHS = NO;
				CLANG_ALLOW_NON_MODULAR_INCLUDES_IN_FRAMEWORK_MODULES = YES;
				CLANG_ANALYZER_NONNULL = YES;
				CLANG_ANALYZER_NUMBER_OBJECT_CONVERSION = YES_AGGRESSIVE;
				CLANG_CXX_LANGUAGE_STANDARD = "gnu++14";
				CLANG_CXX_LIBRARY = "libc++";
				CLANG_ENABLE_MODULES = YES;
				CLANG_ENABLE_OBJC_ARC = YES;
				CLANG_ENABLE_OBJC_WEAK = YES;
				CLANG_WARN_BLOCK_CAPTURE_AUTORELEASING = YES;
				CLANG_WARN_BOOL_CONVERSION = YES;
				CLANG_WARN_COMMA = YES;
				CLANG_WARN_CONSTANT_CONVERSION = YES;
				CLANG_WARN_DEPRECATED_OBJC_IMPLEMENTATIONS = YES;
				CLANG_WARN_DIRECT_OBJC_ISA_USAGE = YES_ERROR;
				CLANG_WARN_DOCUMENTATION_COMMENTS = YES;
				CLANG_WARN_EMPTY_BODY = YES;
				CLANG_WARN_ENUM_CONVERSION = YES;
				CLANG_WARN_INFINITE_RECURSION = YES;
				CLANG_WARN_INT_CONVERSION = YES;
				CLANG_WARN_NON_LITERAL_NULL_CONVERSION = YES;
				CLANG_WARN_OBJC_IMPLICIT_RETAIN_SELF = YES;
				CLANG_WARN_OBJC_LITERAL_CONVERSION = YES;
				CLANG_WARN_OBJC_ROOT_CLASS = YES_ERROR;
				CLANG_WARN_RANGE_LOOP_ANALYSIS = YES;
				CLANG_WARN_STRICT_PROTOTYPES = YES;
				CLANG_WARN_SUSPICIOUS_MOVE = YES;
				CLANG_WARN_UNGUARDED_AVAILABILITY = YES_AGGRESSIVE;
				CLANG_WARN_UNREACHABLE_CODE = YES;
				CLANG_WARN__DUPLICATE_METHOD_MATCH = YES;
				CODE_SIGN_IDENTITY = "iPhone Developer";
				COPY_PHASE_STRIP = NO;
				DEBUG_INFORMATION_FORMAT = "dwarf-with-dsym";
				ENABLE_NS_ASSERTIONS = NO;
				ENABLE_STRICT_OBJC_MSGSEND = YES;
				GCC_C_LANGUAGE_STANDARD = gnu11;
				GCC_NO_COMMON_BLOCKS = YES;
				GCC_WARN_64_TO_32_BIT_CONVERSION = YES;
				GCC_WARN_ABOUT_RETURN_TYPE = YES_ERROR;
				GCC_WARN_UNDECLARED_SELECTOR = YES;
				GCC_WARN_UNINITIALIZED_AUTOS = YES_AGGRESSIVE;
				GCC_WARN_UNUSED_FUNCTION = YES;
				GCC_WARN_UNUSED_VARIABLE = YES;
				IPHONEOS_DEPLOYMENT_TARGET = 11.3;
				MTL_ENABLE_DEBUG_INFO = NO;
				SDKROOT = iphoneos;
				VALIDATE_PRODUCT = YES;
			};
			name = Release;
		};
		4B92A7DB20F5AB89005B6EEE /* Debug */ = {
			isa = XCBuildConfiguration;
			buildSettings = {
				ASSETCATALOG_COMPILER_APPICON_NAME = AppIcon;
				ASSETCATALOG_COMPILER_LAUNCHIMAGE_NAME = LaunchImage;
				CODE_SIGN_ENTITLEMENTS = HongQiC229.entitlements;
				CODE_SIGN_IDENTITY = "Apple Development";
				CODE_SIGN_STYLE = Automatic;
				DEVELOPMENT_TEAM = 44PQM45H2J;
				INFOPLIST_FILE = "$(SRCROOT)/HongQiC229SDKiOS/Info.plist";
				IPHONEOS_DEPLOYMENT_TARGET = 8.0;
				LD_RUNPATH_SEARCH_PATHS = (
					"$(inherited)",
					"@executable_path/Frameworks",
				);
				PRODUCT_BUNDLE_IDENTIFIER = com.car.hqevx;
				PRODUCT_NAME = "$(TARGET_NAME)";
				PROVISIONING_PROFILE_SPECIFIER = "";
				TARGETED_DEVICE_FAMILY = "1,2";
			};
			name = Debug;
		};
		4B92A7DC20F5AB89005B6EEE /* Release */ = {
			isa = XCBuildConfiguration;
			buildSettings = {
				ASSETCATALOG_COMPILER_APPICON_NAME = AppIcon;
				ASSETCATALOG_COMPILER_LAUNCHIMAGE_NAME = LaunchImage;
				CODE_SIGN_ENTITLEMENTS = HongQiC229.entitlements;
				CODE_SIGN_STYLE = Automatic;
				DEVELOPMENT_TEAM = 44PQM45H2J;
				INFOPLIST_FILE = "$(SRCROOT)/HongQiC229SDKiOS/Info.plist";
				IPHONEOS_DEPLOYMENT_TARGET = 8.0;
				LD_RUNPATH_SEARCH_PATHS = (
					"$(inherited)",
					"@executable_path/Frameworks",
				);
				PRODUCT_BUNDLE_IDENTIFIER = com.car.hqevx;
				PRODUCT_NAME = "$(TARGET_NAME)";
				TARGETED_DEVICE_FAMILY = "1,2";
			};
			name = Release;
		};
/* End XCBuildConfiguration section */

/* Begin XCConfigurationList section */
		4B92A7BF20F5AB89005B6EEE /* Build configuration list for PBXProject "HongQiC229" */ = {
			isa = XCConfigurationList;
			buildConfigurations = (
				4B92A7D820F5AB89005B6EEE /* Debug */,
				4B92A7D920F5AB89005B6EEE /* Release */,
			);
			defaultConfigurationIsVisible = 0;
			defaultConfigurationName = Release;
		};
		4B92A7DA20F5AB89005B6EEE /* Build configuration list for PBXNativeTarget "HongQiC229" */ = {
			isa = XCConfigurationList;
			buildConfigurations = (
				4B92A7DB20F5AB89005B6EEE /* Debug */,
				4B92A7DC20F5AB89005B6EEE /* Release */,
			);
			defaultConfigurationIsVisible = 0;
			defaultConfigurationName = Release;
		};
/* End XCConfigurationList section */
	};
	rootObject = 4B92A7BC20F5AB89005B6EEE /* Project object */;
}
